// !$*UTF8*$!
{
	archiveVersion = 1;
	classes = {
	};
	objectVersion = 46;
	objects = {

/* Begin PBXBuildFile section */
		4A2EDE031BDD7B270012CC4E /* RHSCMemberList.swift in Sources */ = {isa = PBXBuildFile; fileRef = 4A2EDE021BDD7B270012CC4E /* RHSCMemberList.swift */; };
		4A2EDE051BDD8AC00012CC4E /* RHSCServer.swift in Sources */ = {isa = PBXBuildFile; fileRef = 4A2EDE041BDD8AC00012CC4E /* RHSCServer.swift */; };
		4A2EDE071BDD8DA80012CC4E /* RHSCUser.swift in Sources */ = {isa = PBXBuildFile; fileRef = 4A2EDE061BDD8DA80012CC4E /* RHSCUser.swift */; };
		4A2EDE091BDD8DC00012CC4E /* RHSCGuest.swift in Sources */ = {isa = PBXBuildFile; fileRef = 4A2EDE081BDD8DC00012CC4E /* RHSCGuest.swift */; };
		4A2EDE0B1BDD8DE20012CC4E /* RHSCCourtTime.swift in Sources */ = {isa = PBXBuildFile; fileRef = 4A2EDE0A1BDD8DE20012CC4E /* RHSCCourtTime.swift */; };
		4A2EDE0D1BDD8E080012CC4E /* RHSCMyBookingsList.swift in Sources */ = {isa = PBXBuildFile; fileRef = 4A2EDE0C1BDD8E080012CC4E /* RHSCMyBookingsList.swift */; };
		4A2EDE111BDED34D0012CC4E /* RHSCMembersViewController.swift in Sources */ = {isa = PBXBuildFile; fileRef = 4A2EDE101BDED34D0012CC4E /* RHSCMembersViewController.swift */; };
		4A2EDE151BDED8DE0012CC4E /* RHSCTabBarController.swift in Sources */ = {isa = PBXBuildFile; fileRef = 4A2EDE141BDED8DE0012CC4E /* RHSCTabBarController.swift */; };
		4A2EDE171BE029020012CC4E /* Reachability.swift in Sources */ = {isa = PBXBuildFile; fileRef = 4A2EDE161BE029020012CC4E /* Reachability.swift */; };
		4A2EDE191BE045030012CC4E /* RHSCMemberDetailViewController.swift in Sources */ = {isa = PBXBuildFile; fileRef = 4A2EDE181BE045030012CC4E /* RHSCMemberDetailViewController.swift */; };
		4A2EDE1B1BE0C9D10012CC4E /* RHSCBookingDetailViewController.swift in Sources */ = {isa = PBXBuildFile; fileRef = 4A2EDE1A1BE0C9D10012CC4E /* RHSCBookingDetailViewController.swift */; };
		4A2EDE1D1BE2253A0012CC4E /* RHSCBookingsViewController.swift in Sources */ = {isa = PBXBuildFile; fileRef = 4A2EDE1C1BE2253A0012CC4E /* RHSCBookingsViewController.swift */; };
		4A2EDE1F1BE25A5C0012CC4E /* RHSCCourtTimeViewController.swift in Sources */ = {isa = PBXBuildFile; fileRef = 4A2EDE1E1BE25A5C0012CC4E /* RHSCCourtTimeViewController.swift */; };
		4A2EDE211BE25ABE0012CC4E /* RHSCCourtTimeTableViewCell.swift in Sources */ = {isa = PBXBuildFile; fileRef = 4A2EDE201BE25ABE0012CC4E /* RHSCCourtTimeTableViewCell.swift */; };
		4A850B9619871BB700D29EB7 /* RHSCCourtTimeTableViewCell.xib in Resources */ = {isa = PBXBuildFile; fileRef = 4A850B9419871BB700D29EB7 /* RHSCCourtTimeTableViewCell.xib */; };
		4A922D74196C9C5B007A7478 /* Settings.bundle in Resources */ = {isa = PBXBuildFile; fileRef = 4A922D73196C9C5B007A7478 /* Settings.bundle */; };
		4AC8C3AF1BD647010077A23F /* RHSCMember.swift in Sources */ = {isa = PBXBuildFile; fileRef = 4AC8C3AE1BD647010077A23F /* RHSCMember.swift */; };
		4AD36F28196FF22A0015BB52 /* MessageUI.framework in Frameworks */ = {isa = PBXBuildFile; fileRef = 4AD36F27196FF22A0015BB52 /* MessageUI.framework */; };
		4AD36F2E19767F200015BB52 /* RHSCGuestDetailsViewController.m in Sources */ = {isa = PBXBuildFile; fileRef = 4AD36F2D19767F200015BB52 /* RHSCGuestDetailsViewController.m */; };
		4AFD3DE41961BBF000665999 /* RHSCFindMemberViewController.m in Sources */ = {isa = PBXBuildFile; fileRef = 4AFD3DE31961BBF000665999 /* RHSCFindMemberViewController.m */; };
		ACAC3384195EF27F00F7562F /* Foundation.framework in Frameworks */ = {isa = PBXBuildFile; fileRef = ACAC3383195EF27F00F7562F /* Foundation.framework */; };
		ACAC3386195EF27F00F7562F /* CoreGraphics.framework in Frameworks */ = {isa = PBXBuildFile; fileRef = ACAC3385195EF27F00F7562F /* CoreGraphics.framework */; };
		ACAC3388195EF27F00F7562F /* UIKit.framework in Frameworks */ = {isa = PBXBuildFile; fileRef = ACAC3387195EF27F00F7562F /* UIKit.framework */; };
		ACAC338E195EF27F00F7562F /* InfoPlist.strings in Resources */ = {isa = PBXBuildFile; fileRef = ACAC338C195EF27F00F7562F /* InfoPlist.strings */; };
		ACAC3390195EF27F00F7562F /* main.m in Sources */ = {isa = PBXBuildFile; fileRef = ACAC338F195EF27F00F7562F /* main.m */; };
		ACAC3394195EF27F00F7562F /* RHSCAppDelegate.m in Sources */ = {isa = PBXBuildFile; fileRef = ACAC3393195EF27F00F7562F /* RHSCAppDelegate.m */; };
		ACAC3397195EF27F00F7562F /* Main.storyboard in Resources */ = {isa = PBXBuildFile; fileRef = ACAC3395195EF27F00F7562F /* Main.storyboard */; };
		ACAC339F195EF27F00F7562F /* Images.xcassets in Resources */ = {isa = PBXBuildFile; fileRef = ACAC339E195EF27F00F7562F /* Images.xcassets */; };
		ACAC33A6195EF27F00F7562F /* XCTest.framework in Frameworks */ = {isa = PBXBuildFile; fileRef = ACAC33A5195EF27F00F7562F /* XCTest.framework */; };
		ACAC33A7195EF27F00F7562F /* Foundation.framework in Frameworks */ = {isa = PBXBuildFile; fileRef = ACAC3383195EF27F00F7562F /* Foundation.framework */; };
		ACAC33A8195EF27F00F7562F /* UIKit.framework in Frameworks */ = {isa = PBXBuildFile; fileRef = ACAC3387195EF27F00F7562F /* UIKit.framework */; };
		ACAC33B0195EF27F00F7562F /* InfoPlist.strings in Resources */ = {isa = PBXBuildFile; fileRef = ACAC33AE195EF27F00F7562F /* InfoPlist.strings */; };
		ACAC33B2195EF27F00F7562F /* iRHSCBookTests.m in Sources */ = {isa = PBXBuildFile; fileRef = ACAC33B1195EF27F00F7562F /* iRHSCBookTests.m */; };
		ACAC33C2195EF51700F7562F /* RHSCCourtTimeViewController.m in Sources */ = {isa = PBXBuildFile; fileRef = ACAC33C1195EF51700F7562F /* RHSCCourtTimeViewController.m */; };
		ACAC33D01960496600F7562F /* RHSCReserveDoublesViewController.m in Sources */ = {isa = PBXBuildFile; fileRef = ACAC33CF1960496600F7562F /* RHSCReserveDoublesViewController.m */; };
		ACD518EE196188CA00C65C9D /* RHSCReserveSinglesViewController.m in Sources */ = {isa = PBXBuildFile; fileRef = ACD518ED196188CA00C65C9D /* RHSCReserveSinglesViewController.m */; };
/* End PBXBuildFile section */

/* Begin PBXContainerItemProxy section */
		ACAC33A9195EF27F00F7562F /* PBXContainerItemProxy */ = {
			isa = PBXContainerItemProxy;
			containerPortal = ACAC3378195EF27F00F7562F /* Project object */;
			proxyType = 1;
			remoteGlobalIDString = ACAC337F195EF27F00F7562F;
			remoteInfo = iRHSCBook;
		};
/* End PBXContainerItemProxy section */

/* Begin PBXFileReference section */
		4A2EDE021BDD7B270012CC4E /* RHSCMemberList.swift */ = {isa = PBXFileReference; fileEncoding = 4; lastKnownFileType = sourcecode.swift; path = RHSCMemberList.swift; sourceTree = "<group>"; };
		4A2EDE041BDD8AC00012CC4E /* RHSCServer.swift */ = {isa = PBXFileReference; fileEncoding = 4; lastKnownFileType = sourcecode.swift; path = RHSCServer.swift; sourceTree = "<group>"; };
		4A2EDE061BDD8DA80012CC4E /* RHSCUser.swift */ = {isa = PBXFileReference; fileEncoding = 4; lastKnownFileType = sourcecode.swift; path = RHSCUser.swift; sourceTree = "<group>"; };
		4A2EDE081BDD8DC00012CC4E /* RHSCGuest.swift */ = {isa = PBXFileReference; fileEncoding = 4; lastKnownFileType = sourcecode.swift; path = RHSCGuest.swift; sourceTree = "<group>"; };
		4A2EDE0A1BDD8DE20012CC4E /* RHSCCourtTime.swift */ = {isa = PBXFileReference; fileEncoding = 4; lastKnownFileType = sourcecode.swift; path = RHSCCourtTime.swift; sourceTree = "<group>"; };
		4A2EDE0C1BDD8E080012CC4E /* RHSCMyBookingsList.swift */ = {isa = PBXFileReference; fileEncoding = 4; lastKnownFileType = sourcecode.swift; path = RHSCMyBookingsList.swift; sourceTree = "<group>"; };
		4A2EDE101BDED34D0012CC4E /* RHSCMembersViewController.swift */ = {isa = PBXFileReference; fileEncoding = 4; lastKnownFileType = sourcecode.swift; path = RHSCMembersViewController.swift; sourceTree = "<group>"; };
		4A2EDE141BDED8DE0012CC4E /* RHSCTabBarController.swift */ = {isa = PBXFileReference; fileEncoding = 4; lastKnownFileType = sourcecode.swift; path = RHSCTabBarController.swift; sourceTree = "<group>"; };
		4A2EDE161BE029020012CC4E /* Reachability.swift */ = {isa = PBXFileReference; fileEncoding = 4; lastKnownFileType = sourcecode.swift; path = Reachability.swift; sourceTree = "<group>"; };
		4A2EDE181BE045030012CC4E /* RHSCMemberDetailViewController.swift */ = {isa = PBXFileReference; fileEncoding = 4; lastKnownFileType = sourcecode.swift; path = RHSCMemberDetailViewController.swift; sourceTree = "<group>"; };
		4A2EDE1A1BE0C9D10012CC4E /* RHSCBookingDetailViewController.swift */ = {isa = PBXFileReference; fileEncoding = 4; lastKnownFileType = sourcecode.swift; path = RHSCBookingDetailViewController.swift; sourceTree = "<group>"; };
		4A2EDE1C1BE2253A0012CC4E /* RHSCBookingsViewController.swift */ = {isa = PBXFileReference; fileEncoding = 4; lastKnownFileType = sourcecode.swift; path = RHSCBookingsViewController.swift; sourceTree = "<group>"; };
		4A2EDE1E1BE25A5C0012CC4E /* RHSCCourtTimeViewController.swift */ = {isa = PBXFileReference; fileEncoding = 4; lastKnownFileType = sourcecode.swift; path = RHSCCourtTimeViewController.swift; sourceTree = "<group>"; };
		4A2EDE201BE25ABE0012CC4E /* RHSCCourtTimeTableViewCell.swift */ = {isa = PBXFileReference; fileEncoding = 4; lastKnownFileType = sourcecode.swift; path = RHSCCourtTimeTableViewCell.swift; sourceTree = "<group>"; };
		4A850B9419871BB700D29EB7 /* RHSCCourtTimeTableViewCell.xib */ = {isa = PBXFileReference; fileEncoding = 4; lastKnownFileType = file.xib; path = RHSCCourtTimeTableViewCell.xib; sourceTree = "<group>"; };
		4A922D73196C9C5B007A7478 /* Settings.bundle */ = {isa = PBXFileReference; lastKnownFileType = "wrapper.plug-in"; path = Settings.bundle; sourceTree = "<group>"; };
		4AC8C3AD1BD647010077A23F /* iRHSCBook-Bridging-Header.h */ = {isa = PBXFileReference; lastKnownFileType = sourcecode.c.h; path = "iRHSCBook-Bridging-Header.h"; sourceTree = "<group>"; };
		4AC8C3AE1BD647010077A23F /* RHSCMember.swift */ = {isa = PBXFileReference; fileEncoding = 4; lastKnownFileType = sourcecode.swift; path = RHSCMember.swift; sourceTree = "<group>"; };
		4AD36F27196FF22A0015BB52 /* MessageUI.framework */ = {isa = PBXFileReference; lastKnownFileType = wrapper.framework; name = MessageUI.framework; path = System/Library/Frameworks/MessageUI.framework; sourceTree = SDKROOT; };
		4AD36F2C19767F200015BB52 /* RHSCGuestDetailsViewController.h */ = {isa = PBXFileReference; fileEncoding = 4; lastKnownFileType = sourcecode.c.h; path = RHSCGuestDetailsViewController.h; sourceTree = "<group>"; };
		4AD36F2D19767F200015BB52 /* RHSCGuestDetailsViewController.m */ = {isa = PBXFileReference; fileEncoding = 4; lastKnownFileType = sourcecode.c.objc; path = RHSCGuestDetailsViewController.m; sourceTree = "<group>"; };
		4AFD3DE21961BBF000665999 /* RHSCFindMemberViewController.h */ = {isa = PBXFileReference; fileEncoding = 4; lastKnownFileType = sourcecode.c.h; path = RHSCFindMemberViewController.h; sourceTree = "<group>"; };
		4AFD3DE31961BBF000665999 /* RHSCFindMemberViewController.m */ = {isa = PBXFileReference; fileEncoding = 4; lastKnownFileType = sourcecode.c.objc; path = RHSCFindMemberViewController.m; sourceTree = "<group>"; };
		ACAC3380195EF27F00F7562F /* iRHSCBook.app */ = {isa = PBXFileReference; explicitFileType = wrapper.application; includeInIndex = 0; path = iRHSCBook.app; sourceTree = BUILT_PRODUCTS_DIR; };
		ACAC3383195EF27F00F7562F /* Foundation.framework */ = {isa = PBXFileReference; lastKnownFileType = wrapper.framework; name = Foundation.framework; path = System/Library/Frameworks/Foundation.framework; sourceTree = SDKROOT; };
		ACAC3385195EF27F00F7562F /* CoreGraphics.framework */ = {isa = PBXFileReference; lastKnownFileType = wrapper.framework; name = CoreGraphics.framework; path = System/Library/Frameworks/CoreGraphics.framework; sourceTree = SDKROOT; };
		ACAC3387195EF27F00F7562F /* UIKit.framework */ = {isa = PBXFileReference; lastKnownFileType = wrapper.framework; name = UIKit.framework; path = System/Library/Frameworks/UIKit.framework; sourceTree = SDKROOT; };
		ACAC338B195EF27F00F7562F /* iRHSCBook-Info.plist */ = {isa = PBXFileReference; lastKnownFileType = text.plist.xml; path = "iRHSCBook-Info.plist"; sourceTree = "<group>"; };
		ACAC338D195EF27F00F7562F /* en */ = {isa = PBXFileReference; lastKnownFileType = text.plist.strings; name = en; path = en.lproj/InfoPlist.strings; sourceTree = "<group>"; };
		ACAC338F195EF27F00F7562F /* main.m */ = {isa = PBXFileReference; lastKnownFileType = sourcecode.c.objc; path = main.m; sourceTree = "<group>"; };
		ACAC3391195EF27F00F7562F /* iRHSCBook-Prefix.pch */ = {isa = PBXFileReference; lastKnownFileType = sourcecode.c.h; path = "iRHSCBook-Prefix.pch"; sourceTree = "<group>"; };
		ACAC3392195EF27F00F7562F /* RHSCAppDelegate.h */ = {isa = PBXFileReference; lastKnownFileType = sourcecode.c.h; path = RHSCAppDelegate.h; sourceTree = "<group>"; };
		ACAC3393195EF27F00F7562F /* RHSCAppDelegate.m */ = {isa = PBXFileReference; lastKnownFileType = sourcecode.c.objc; path = RHSCAppDelegate.m; sourceTree = "<group>"; };
		ACAC3396195EF27F00F7562F /* Base */ = {isa = PBXFileReference; lastKnownFileType = file.storyboard; name = Base; path = Base.lproj/Main.storyboard; sourceTree = "<group>"; };
		ACAC339E195EF27F00F7562F /* Images.xcassets */ = {isa = PBXFileReference; lastKnownFileType = folder.assetcatalog; path = Images.xcassets; sourceTree = "<group>"; };
		ACAC33A4195EF27F00F7562F /* iRHSCBookTests.xctest */ = {isa = PBXFileReference; explicitFileType = wrapper.cfbundle; includeInIndex = 0; path = iRHSCBookTests.xctest; sourceTree = BUILT_PRODUCTS_DIR; };
		ACAC33A5195EF27F00F7562F /* XCTest.framework */ = {isa = PBXFileReference; lastKnownFileType = wrapper.framework; name = XCTest.framework; path = Library/Frameworks/XCTest.framework; sourceTree = DEVELOPER_DIR; };
		ACAC33AD195EF27F00F7562F /* iRHSCBookTests-Info.plist */ = {isa = PBXFileReference; lastKnownFileType = text.plist.xml; path = "iRHSCBookTests-Info.plist"; sourceTree = "<group>"; };
		ACAC33AF195EF27F00F7562F /* en */ = {isa = PBXFileReference; lastKnownFileType = text.plist.strings; name = en; path = en.lproj/InfoPlist.strings; sourceTree = "<group>"; };
		ACAC33B1195EF27F00F7562F /* iRHSCBookTests.m */ = {isa = PBXFileReference; lastKnownFileType = sourcecode.c.objc; path = iRHSCBookTests.m; sourceTree = "<group>"; };
		ACAC33C0195EF51700F7562F /* RHSCCourtTimeViewController.h */ = {isa = PBXFileReference; fileEncoding = 4; lastKnownFileType = sourcecode.c.h; path = RHSCCourtTimeViewController.h; sourceTree = "<group>"; };
		ACAC33C1195EF51700F7562F /* RHSCCourtTimeViewController.m */ = {isa = PBXFileReference; fileEncoding = 4; lastKnownFileType = sourcecode.c.objc; path = RHSCCourtTimeViewController.m; sourceTree = "<group>"; };
		ACAC33CE1960496600F7562F /* RHSCReserveDoublesViewController.h */ = {isa = PBXFileReference; fileEncoding = 4; lastKnownFileType = sourcecode.c.h; path = RHSCReserveDoublesViewController.h; sourceTree = "<group>"; };
		ACAC33CF1960496600F7562F /* RHSCReserveDoublesViewController.m */ = {isa = PBXFileReference; fileEncoding = 4; lastKnownFileType = sourcecode.c.objc; path = RHSCReserveDoublesViewController.m; sourceTree = "<group>"; };
		ACD518ED196188CA00C65C9D /* RHSCReserveSinglesViewController.m */ = {isa = PBXFileReference; fileEncoding = 4; lastKnownFileType = sourcecode.c.objc; path = RHSCReserveSinglesViewController.m; sourceTree = "<group>"; };
		ACD518EF196188E800C65C9D /* RHSCReserveSinglesViewController.h */ = {isa = PBXFileReference; fileEncoding = 4; lastKnownFileType = sourcecode.c.h; path = RHSCReserveSinglesViewController.h; sourceTree = "<group>"; };
/* End PBXFileReference section */

/* Begin PBXFrameworksBuildPhase section */
		ACAC337D195EF27F00F7562F /* Frameworks */ = {
			isa = PBXFrameworksBuildPhase;
			buildActionMask = 2147483647;
			files = (
				4AD36F28196FF22A0015BB52 /* MessageUI.framework in Frameworks */,
				ACAC3386195EF27F00F7562F /* CoreGraphics.framework in Frameworks */,
				ACAC3388195EF27F00F7562F /* UIKit.framework in Frameworks */,
				ACAC3384195EF27F00F7562F /* Foundation.framework in Frameworks */,
			);
			runOnlyForDeploymentPostprocessing = 0;
		};
		ACAC33A1195EF27F00F7562F /* Frameworks */ = {
			isa = PBXFrameworksBuildPhase;
			buildActionMask = 2147483647;
			files = (
				ACAC33A6195EF27F00F7562F /* XCTest.framework in Frameworks */,
				ACAC33A8195EF27F00F7562F /* UIKit.framework in Frameworks */,
				ACAC33A7195EF27F00F7562F /* Foundation.framework in Frameworks */,
			);
			runOnlyForDeploymentPostprocessing = 0;
		};
/* End PBXFrameworksBuildPhase section */

/* Begin PBXGroup section */
		4AD36F22196FE5310015BB52 /* Model */ = {
			isa = PBXGroup;
			children = (
				4AC8C3AE1BD647010077A23F /* RHSCMember.swift */,
				4AC8C3AD1BD647010077A23F /* iRHSCBook-Bridging-Header.h */,
				4A2EDE021BDD7B270012CC4E /* RHSCMemberList.swift */,
				4A2EDE041BDD8AC00012CC4E /* RHSCServer.swift */,
				4A2EDE061BDD8DA80012CC4E /* RHSCUser.swift */,
				4A2EDE081BDD8DC00012CC4E /* RHSCGuest.swift */,
				4A2EDE0A1BDD8DE20012CC4E /* RHSCCourtTime.swift */,
				4A2EDE0C1BDD8E080012CC4E /* RHSCMyBookingsList.swift */,
			);
			name = Model;
			sourceTree = "<group>";
		};
		4AD36F23196FE5710015BB52 /* View */ = {
			isa = PBXGroup;
			children = (
				4AD36F26196FE5A30015BB52 /* Members */,
				4AD36F25196FE59B0015BB52 /* Bookings */,
				4AD36F24196FE5870015BB52 /* Courts */,
				4A2EDE141BDED8DE0012CC4E /* RHSCTabBarController.swift */,
			);
			name = View;
			sourceTree = "<group>";
		};
		4AD36F24196FE5870015BB52 /* Courts */ = {
			isa = PBXGroup;
			children = (
				4AFD3DE21961BBF000665999 /* RHSCFindMemberViewController.h */,
				4AFD3DE31961BBF000665999 /* RHSCFindMemberViewController.m */,
				ACAC33C0195EF51700F7562F /* RHSCCourtTimeViewController.h */,
				ACAC33C1195EF51700F7562F /* RHSCCourtTimeViewController.m */,
				ACAC33CE1960496600F7562F /* RHSCReserveDoublesViewController.h */,
				ACD518EF196188E800C65C9D /* RHSCReserveSinglesViewController.h */,
				ACAC33CF1960496600F7562F /* RHSCReserveDoublesViewController.m */,
				ACD518ED196188CA00C65C9D /* RHSCReserveSinglesViewController.m */,
				4AD36F2C19767F200015BB52 /* RHSCGuestDetailsViewController.h */,
				4AD36F2D19767F200015BB52 /* RHSCGuestDetailsViewController.m */,
				4A850B9419871BB700D29EB7 /* RHSCCourtTimeTableViewCell.xib */,
				4A2EDE1E1BE25A5C0012CC4E /* RHSCCourtTimeViewController.swift */,
				4A2EDE201BE25ABE0012CC4E /* RHSCCourtTimeTableViewCell.swift */,
			);
			name = Courts;
			sourceTree = "<group>";
		};
		4AD36F25196FE59B0015BB52 /* Bookings */ = {
			isa = PBXGroup;
			children = (
				4A2EDE1A1BE0C9D10012CC4E /* RHSCBookingDetailViewController.swift */,
				4A2EDE1C1BE2253A0012CC4E /* RHSCBookingsViewController.swift */,
			);
			name = Bookings;
			sourceTree = "<group>";
		};
		4AD36F26196FE5A30015BB52 /* Members */ = {
			isa = PBXGroup;
			children = (
				4A2EDE101BDED34D0012CC4E /* RHSCMembersViewController.swift */,
				4A2EDE181BE045030012CC4E /* RHSCMemberDetailViewController.swift */,
			);
			name = Members;
			sourceTree = "<group>";
		};
		ACAC3377195EF27F00F7562F = {
			isa = PBXGroup;
			children = (
				4A922D73196C9C5B007A7478 /* Settings.bundle */,
				ACAC3389195EF27F00F7562F /* iRHSCBook */,
				ACAC33AB195EF27F00F7562F /* iRHSCBookTests */,
				ACAC3382195EF27F00F7562F /* Frameworks */,
				ACAC3381195EF27F00F7562F /* Products */,
			);
			sourceTree = "<group>";
		};
		ACAC3381195EF27F00F7562F /* Products */ = {
			isa = PBXGroup;
			children = (
				ACAC3380195EF27F00F7562F /* iRHSCBook.app */,
				ACAC33A4195EF27F00F7562F /* iRHSCBookTests.xctest */,
			);
			name = Products;
			sourceTree = "<group>";
		};
		ACAC3382195EF27F00F7562F /* Frameworks */ = {
			isa = PBXGroup;
			children = (
				4AD36F27196FF22A0015BB52 /* MessageUI.framework */,
				ACAC3383195EF27F00F7562F /* Foundation.framework */,
				ACAC3385195EF27F00F7562F /* CoreGraphics.framework */,
				ACAC3387195EF27F00F7562F /* UIKit.framework */,
				ACAC33A5195EF27F00F7562F /* XCTest.framework */,
			);
			name = Frameworks;
			sourceTree = "<group>";
		};
		ACAC3389195EF27F00F7562F /* iRHSCBook */ = {
			isa = PBXGroup;
			children = (
				ACAC3395195EF27F00F7562F /* Main.storyboard */,
				ACAC339E195EF27F00F7562F /* Images.xcassets */,
				ACAC3392195EF27F00F7562F /* RHSCAppDelegate.h */,
				ACAC3393195EF27F00F7562F /* RHSCAppDelegate.m */,
				4AD36F22196FE5310015BB52 /* Model */,
				4AD36F23196FE5710015BB52 /* View */,
				ACAC338A195EF27F00F7562F /* Supporting Files */,
				4A2EDE161BE029020012CC4E /* Reachability.swift */,
			);
			path = iRHSCBook;
			sourceTree = "<group>";
		};
		ACAC338A195EF27F00F7562F /* Supporting Files */ = {
			isa = PBXGroup;
			children = (
				ACAC338B195EF27F00F7562F /* iRHSCBook-Info.plist */,
				ACAC338C195EF27F00F7562F /* InfoPlist.strings */,
				ACAC338F195EF27F00F7562F /* main.m */,
				ACAC3391195EF27F00F7562F /* iRHSCBook-Prefix.pch */,
			);
			name = "Supporting Files";
			sourceTree = "<group>";
		};
		ACAC33AB195EF27F00F7562F /* iRHSCBookTests */ = {
			isa = PBXGroup;
			children = (
				ACAC33B1195EF27F00F7562F /* iRHSCBookTests.m */,
				ACAC33AC195EF27F00F7562F /* Supporting Files */,
			);
			path = iRHSCBookTests;
			sourceTree = "<group>";
		};
		ACAC33AC195EF27F00F7562F /* Supporting Files */ = {
			isa = PBXGroup;
			children = (
				ACAC33AD195EF27F00F7562F /* iRHSCBookTests-Info.plist */,
				ACAC33AE195EF27F00F7562F /* InfoPlist.strings */,
			);
			name = "Supporting Files";
			sourceTree = "<group>";
		};
/* End PBXGroup section */

/* Begin PBXNativeTarget section */
		ACAC337F195EF27F00F7562F /* iRHSCBook */ = {
			isa = PBXNativeTarget;
			buildConfigurationList = ACAC33B5195EF27F00F7562F /* Build configuration list for PBXNativeTarget "iRHSCBook" */;
			buildPhases = (
				ACAC337C195EF27F00F7562F /* Sources */,
				ACAC337D195EF27F00F7562F /* Frameworks */,
				ACAC337E195EF27F00F7562F /* Resources */,
			);
			buildRules = (
			);
			dependencies = (
			);
			name = iRHSCBook;
			productName = iRHSCBook;
			productReference = ACAC3380195EF27F00F7562F /* iRHSCBook.app */;
			productType = "com.apple.product-type.application";
		};
		ACAC33A3195EF27F00F7562F /* iRHSCBookTests */ = {
			isa = PBXNativeTarget;
			buildConfigurationList = ACAC33B8195EF27F00F7562F /* Build configuration list for PBXNativeTarget "iRHSCBookTests" */;
			buildPhases = (
				ACAC33A0195EF27F00F7562F /* Sources */,
				ACAC33A1195EF27F00F7562F /* Frameworks */,
				ACAC33A2195EF27F00F7562F /* Resources */,
			);
			buildRules = (
			);
			dependencies = (
				ACAC33AA195EF27F00F7562F /* PBXTargetDependency */,
			);
			name = iRHSCBookTests;
			productName = iRHSCBookTests;
			productReference = ACAC33A4195EF27F00F7562F /* iRHSCBookTests.xctest */;
			productType = "com.apple.product-type.bundle.unit-test";
		};
/* End PBXNativeTarget section */

/* Begin PBXProject section */
		ACAC3378195EF27F00F7562F /* Project object */ = {
			isa = PBXProject;
			attributes = {
				CLASSPREFIX = RHSC;
				LastUpgradeCheck = 0700;
				ORGANIZATIONNAME = "Richmond Hill Squash Club";
				TargetAttributes = {
					ACAC337F195EF27F00F7562F = {
						DevelopmentTeam = FLLCB46B75;
					};
					ACAC33A3195EF27F00F7562F = {
						TestTargetID = ACAC337F195EF27F00F7562F;
					};
				};
			};
			buildConfigurationList = ACAC337B195EF27F00F7562F /* Build configuration list for PBXProject "iRHSCBook" */;
			compatibilityVersion = "Xcode 3.2";
			developmentRegion = English;
			hasScannedForEncodings = 0;
			knownRegions = (
				en,
				Base,
			);
			mainGroup = ACAC3377195EF27F00F7562F;
			productRefGroup = ACAC3381195EF27F00F7562F /* Products */;
			projectDirPath = "";
			projectRoot = "";
			targets = (
				ACAC337F195EF27F00F7562F /* iRHSCBook */,
				ACAC33A3195EF27F00F7562F /* iRHSCBookTests */,
			);
		};
/* End PBXProject section */

/* Begin PBXResourcesBuildPhase section */
		ACAC337E195EF27F00F7562F /* Resources */ = {
			isa = PBXResourcesBuildPhase;
			buildActionMask = 2147483647;
			files = (
				4A850B9619871BB700D29EB7 /* RHSCCourtTimeTableViewCell.xib in Resources */,
				4A922D74196C9C5B007A7478 /* Settings.bundle in Resources */,
				ACAC339F195EF27F00F7562F /* Images.xcassets in Resources */,
				ACAC338E195EF27F00F7562F /* InfoPlist.strings in Resources */,
				ACAC3397195EF27F00F7562F /* Main.storyboard in Resources */,
			);
			runOnlyForDeploymentPostprocessing = 0;
		};
		ACAC33A2195EF27F00F7562F /* Resources */ = {
			isa = PBXResourcesBuildPhase;
			buildActionMask = 2147483647;
			files = (
				ACAC33B0195EF27F00F7562F /* InfoPlist.strings in Resources */,
			);
			runOnlyForDeploymentPostprocessing = 0;
		};
/* End PBXResourcesBuildPhase section */

/* Begin PBXSourcesBuildPhase section */
		ACAC337C195EF27F00F7562F /* Sources */ = {
			isa = PBXSourcesBuildPhase;
			buildActionMask = 2147483647;
			files = (
				ACAC33C2195EF51700F7562F /* RHSCCourtTimeViewController.m in Sources */,
				ACD518EE196188CA00C65C9D /* RHSCReserveSinglesViewController.m in Sources */,
				ACAC3394195EF27F00F7562F /* RHSCAppDelegate.m in Sources */,
				4A2EDE211BE25ABE0012CC4E /* RHSCCourtTimeTableViewCell.swift in Sources */,
				4A2EDE1F1BE25A5C0012CC4E /* RHSCCourtTimeViewController.swift in Sources */,
				4AD36F2E19767F200015BB52 /* RHSCGuestDetailsViewController.m in Sources */,
				4A2EDE091BDD8DC00012CC4E /* RHSCGuest.swift in Sources */,
				4A2EDE191BE045030012CC4E /* RHSCMemberDetailViewController.swift in Sources */,
				4A2EDE0B1BDD8DE20012CC4E /* RHSCCourtTime.swift in Sources */,
				ACAC3390195EF27F00F7562F /* main.m in Sources */,
				ACAC33D01960496600F7562F /* RHSCReserveDoublesViewController.m in Sources */,
				4A2EDE171BE029020012CC4E /* Reachability.swift in Sources */,
				4AC8C3AF1BD647010077A23F /* RHSCMember.swift in Sources */,
				4A2EDE051BDD8AC00012CC4E /* RHSCServer.swift in Sources */,
				4A2EDE1D1BE2253A0012CC4E /* RHSCBookingsViewController.swift in Sources */,
				4A2EDE0D1BDD8E080012CC4E /* RHSCMyBookingsList.swift in Sources */,
				4A2EDE071BDD8DA80012CC4E /* RHSCUser.swift in Sources */,
				4A2EDE1B1BE0C9D10012CC4E /* RHSCBookingDetailViewController.swift in Sources */,
				4A2EDE151BDED8DE0012CC4E /* RHSCTabBarController.swift in Sources */,
				4AFD3DE41961BBF000665999 /* RHSCFindMemberViewController.m in Sources */,
				4A2EDE111BDED34D0012CC4E /* RHSCMembersViewController.swift in Sources */,
				4A2EDE031BDD7B270012CC4E /* RHSCMemberList.swift in Sources */,
			);
			runOnlyForDeploymentPostprocessing = 0;
		};
		ACAC33A0195EF27F00F7562F /* Sources */ = {
			isa = PBXSourcesBuildPhase;
			buildActionMask = 2147483647;
			files = (
				ACAC33B2195EF27F00F7562F /* iRHSCBookTests.m in Sources */,
			);
			runOnlyForDeploymentPostprocessing = 0;
		};
/* End PBXSourcesBuildPhase section */

/* Begin PBXTargetDependency section */
		ACAC33AA195EF27F00F7562F /* PBXTargetDependency */ = {
			isa = PBXTargetDependency;
			target = ACAC337F195EF27F00F7562F /* iRHSCBook */;
			targetProxy = ACAC33A9195EF27F00F7562F /* PBXContainerItemProxy */;
		};
/* End PBXTargetDependency section */

/* Begin PBXVariantGroup section */
		ACAC338C195EF27F00F7562F /* InfoPlist.strings */ = {
			isa = PBXVariantGroup;
			children = (
				ACAC338D195EF27F00F7562F /* en */,
			);
			name = InfoPlist.strings;
			sourceTree = "<group>";
		};
		ACAC3395195EF27F00F7562F /* Main.storyboard */ = {
			isa = PBXVariantGroup;
			children = (
				ACAC3396195EF27F00F7562F /* Base */,
			);
			name = Main.storyboard;
			sourceTree = "<group>";
		};
		ACAC33AE195EF27F00F7562F /* InfoPlist.strings */ = {
			isa = PBXVariantGroup;
			children = (
				ACAC33AF195EF27F00F7562F /* en */,
			);
			name = InfoPlist.strings;
			sourceTree = "<group>";
		};
/* End PBXVariantGroup section */

/* Begin XCBuildConfiguration section */
		ACAC33B3195EF27F00F7562F /* Debug */ = {
			isa = XCBuildConfiguration;
			buildSettings = {
				ALWAYS_SEARCH_USER_PATHS = NO;
				CLANG_CXX_LANGUAGE_STANDARD = "gnu++0x";
				CLANG_CXX_LIBRARY = "libc++";
				CLANG_ENABLE_MODULES = YES;
				CLANG_ENABLE_OBJC_ARC = YES;
				CLANG_WARN_BOOL_CONVERSION = YES;
				CLANG_WARN_CONSTANT_CONVERSION = YES;
				CLANG_WARN_DIRECT_OBJC_ISA_USAGE = YES_ERROR;
				CLANG_WARN_EMPTY_BODY = YES;
				CLANG_WARN_ENUM_CONVERSION = YES;
				CLANG_WARN_INT_CONVERSION = YES;
				CLANG_WARN_OBJC_ROOT_CLASS = YES_ERROR;
				CLANG_WARN__DUPLICATE_METHOD_MATCH = YES;
				"CODE_SIGN_IDENTITY[sdk=iphoneos*]" = "iPhone Developer";
				COPY_PHASE_STRIP = NO;
				ENABLE_TESTABILITY = YES;
				GCC_C_LANGUAGE_STANDARD = gnu99;
				GCC_DYNAMIC_NO_PIC = NO;
				GCC_OPTIMIZATION_LEVEL = 0;
				GCC_PREPROCESSOR_DEFINITIONS = (
					"DEBUG=1",
					"$(inherited)",
				);
				GCC_SYMBOLS_PRIVATE_EXTERN = NO;
				GCC_WARN_64_TO_32_BIT_CONVERSION = YES;
				GCC_WARN_ABOUT_RETURN_TYPE = YES_ERROR;
				GCC_WARN_UNDECLARED_SELECTOR = YES;
				GCC_WARN_UNINITIALIZED_AUTOS = YES_AGGRESSIVE;
				GCC_WARN_UNUSED_FUNCTION = YES;
				GCC_WARN_UNUSED_VARIABLE = YES;
				IPHONEOS_DEPLOYMENT_TARGET = 7.1;
				ONLY_ACTIVE_ARCH = YES;
				SDKROOT = iphoneos;
			};
			name = Debug;
		};
		ACAC33B4195EF27F00F7562F /* Release */ = {
			isa = XCBuildConfiguration;
			buildSettings = {
				ALWAYS_SEARCH_USER_PATHS = NO;
				CLANG_CXX_LANGUAGE_STANDARD = "gnu++0x";
				CLANG_CXX_LIBRARY = "libc++";
				CLANG_ENABLE_MODULES = YES;
				CLANG_ENABLE_OBJC_ARC = YES;
				CLANG_WARN_BOOL_CONVERSION = YES;
				CLANG_WARN_CONSTANT_CONVERSION = YES;
				CLANG_WARN_DIRECT_OBJC_ISA_USAGE = YES_ERROR;
				CLANG_WARN_EMPTY_BODY = YES;
				CLANG_WARN_ENUM_CONVERSION = YES;
				CLANG_WARN_INT_CONVERSION = YES;
				CLANG_WARN_OBJC_ROOT_CLASS = YES_ERROR;
				CLANG_WARN__DUPLICATE_METHOD_MATCH = YES;
				"CODE_SIGN_IDENTITY[sdk=iphoneos*]" = "iPhone Developer";
				COPY_PHASE_STRIP = YES;
				ENABLE_NS_ASSERTIONS = NO;
				GCC_C_LANGUAGE_STANDARD = gnu99;
				GCC_WARN_64_TO_32_BIT_CONVERSION = YES;
				GCC_WARN_ABOUT_RETURN_TYPE = YES_ERROR;
				GCC_WARN_UNDECLARED_SELECTOR = YES;
				GCC_WARN_UNINITIALIZED_AUTOS = YES_AGGRESSIVE;
				GCC_WARN_UNUSED_FUNCTION = YES;
				GCC_WARN_UNUSED_VARIABLE = YES;
				IPHONEOS_DEPLOYMENT_TARGET = 7.1;
				SDKROOT = iphoneos;
				VALIDATE_PRODUCT = YES;
			};
			name = Release;
		};
		ACAC33B6195EF27F00F7562F /* Debug */ = {
			isa = XCBuildConfiguration;
			buildSettings = {
				ASSETCATALOG_COMPILER_APPICON_NAME = AppIcon;
				ASSETCATALOG_COMPILER_LAUNCHIMAGE_NAME = LaunchImage;
				CLANG_ENABLE_MODULES = YES;
				GCC_PRECOMPILE_PREFIX_HEADER = YES;
				GCC_PREFIX_HEADER = "iRHSCBook/iRHSCBook-Prefix.pch";
				INFOPLIST_FILE = "iRHSCBook/iRHSCBook-Info.plist";
				IPHONEOS_DEPLOYMENT_TARGET = 7.0;
				LD_RUNPATH_SEARCH_PATHS = "$(inherited) @executable_path/Frameworks";
				PRODUCT_NAME = "$(TARGET_NAME)";
				SWIFT_OBJC_BRIDGING_HEADER = "iRHSCBook/iRHSCBook-Bridging-Header.h";
				SWIFT_OPTIMIZATION_LEVEL = "-Onone";
				TARGETED_DEVICE_FAMILY = 1;
				WRAPPER_EXTENSION = app;
			};
			name = Debug;
		};
		ACAC33B7195EF27F00F7562F /* Release */ = {
			isa = XCBuildConfiguration;
			buildSettings = {
				ASSETCATALOG_COMPILER_APPICON_NAME = AppIcon;
				ASSETCATALOG_COMPILER_LAUNCHIMAGE_NAME = LaunchImage;
				CLANG_ENABLE_MODULES = YES;
				GCC_PRECOMPILE_PREFIX_HEADER = YES;
				GCC_PREFIX_HEADER = "iRHSCBook/iRHSCBook-Prefix.pch";
				INFOPLIST_FILE = "iRHSCBook/iRHSCBook-Info.plist";
				IPHONEOS_DEPLOYMENT_TARGET = 7.0;
				LD_RUNPATH_SEARCH_PATHS = "$(inherited) @executable_path/Frameworks";
				PRODUCT_NAME = "$(TARGET_NAME)";
				SWIFT_OBJC_BRIDGING_HEADER = "iRHSCBook/iRHSCBook-Bridging-Header.h";
				TARGETED_DEVICE_FAMILY = 1;
				WRAPPER_EXTENSION = app;
			};
			name = Release;
		};
		ACAC33B9195EF27F00F7562F /* Debug */ = {
			isa = XCBuildConfiguration;
			buildSettings = {
				BUNDLE_LOADER = "$(BUILT_PRODUCTS_DIR)/iRHSCBook.app/iRHSCBook";
				FRAMEWORK_SEARCH_PATHS = (
					"$(SDKROOT)/Developer/Library/Frameworks",
					"$(inherited)",
					"$(DEVELOPER_FRAMEWORKS_DIR)",
				);
				GCC_PRECOMPILE_PREFIX_HEADER = YES;
				GCC_PREFIX_HEADER = "iRHSCBook/iRHSCBook-Prefix.pch";
				GCC_PREPROCESSOR_DEFINITIONS = (
					"DEBUG=1",
					"$(inherited)",
				);
				INFOPLIST_FILE = "iRHSCBookTests/iRHSCBookTests-Info.plist";
				PRODUCT_BUNDLE_IDENTIFIER = "com.rhsquashclub.${PRODUCT_NAME:rfc1034identifier}";
				PRODUCT_NAME = "$(TARGET_NAME)";
				TEST_HOST = "$(BUNDLE_LOADER)";
				WRAPPER_EXTENSION = xctest;
			};
			name = Debug;
		};
		ACAC33BA195EF27F00F7562F /* Release */ = {
			isa = XCBuildConfiguration;
			buildSettings = {
				BUNDLE_LOADER = "$(BUILT_PRODUCTS_DIR)/iRHSCBook.app/iRHSCBook";
				FRAMEWORK_SEARCH_PATHS = (
					"$(SDKROOT)/Developer/Library/Frameworks",
					"$(inherited)",
					"$(DEVELOPER_FRAMEWORKS_DIR)",
				);
				GCC_PRECOMPILE_PREFIX_HEADER = YES;
				GCC_PREFIX_HEADER = "iRHSCBook/iRHSCBook-Prefix.pch";
				INFOPLIST_FILE = "iRHSCBookTests/iRHSCBookTests-Info.plist";
				PRODUCT_BUNDLE_IDENTIFIER = "com.rhsquashclub.${PRODUCT_NAME:rfc1034identifier}";
				PRODUCT_NAME = "$(TARGET_NAME)";
				TEST_HOST = "$(BUNDLE_LOADER)";
				WRAPPER_EXTENSION = xctest;
			};
			name = Release;
		};
/* End XCBuildConfiguration section */

/* Begin XCConfigurationList section */
		ACAC337B195EF27F00F7562F /* Build configuration list for PBXProject "iRHSCBook" */ = {
			isa = XCConfigurationList;
			buildConfigurations = (
				ACAC33B3195EF27F00F7562F /* Debug */,
				ACAC33B4195EF27F00F7562F /* Release */,
			);
			defaultConfigurationIsVisible = 0;
			defaultConfigurationName = Release;
		};
		ACAC33B5195EF27F00F7562F /* Build configuration list for PBXNativeTarget "iRHSCBook" */ = {
			isa = XCConfigurationList;
			buildConfigurations = (
				ACAC33B6195EF27F00F7562F /* Debug */,
				ACAC33B7195EF27F00F7562F /* Release */,
			);
			defaultConfigurationIsVisible = 0;
			defaultConfigurationName = Release;
		};
		ACAC33B8195EF27F00F7562F /* Build configuration list for PBXNativeTarget "iRHSCBookTests" */ = {
			isa = XCConfigurationList;
			buildConfigurations = (
				ACAC33B9195EF27F00F7562F /* Debug */,
				ACAC33BA195EF27F00F7562F /* Release */,
			);
			defaultConfigurationIsVisible = 0;
			defaultConfigurationName = Release;
		};
/* End XCConfigurationList section */
	};
	rootObject = ACAC3378195EF27F00F7562F /* Project object */;
}
