// !$*UTF8*$!
{
	archiveVersion = 1;
	classes = {
	};
	objectVersion = 46;
	objects = {

/* Begin PBXBuildFile section */
		4A922D72196BF979007A7478 /* RHSCMemberDetailViewController.m in Sources */ = {isa = PBXBuildFile; fileRef = 4A922D71196BF979007A7478 /* RHSCMemberDetailViewController.m */; };
		4A922D74196C9C5B007A7478 /* Settings.bundle in Resources */ = {isa = PBXBuildFile; fileRef = 4A922D73196C9C5B007A7478 /* Settings.bundle */; };
		4AD36F1E196CC4610015BB52 /* RHSCMyBookingsList.m in Sources */ = {isa = PBXBuildFile; fileRef = 4AD36F1D196CC4610015BB52 /* RHSCMyBookingsList.m */; };
		4AD36F21196DE2F80015BB52 /* RHSCBookingDetailViewController.m in Sources */ = {isa = PBXBuildFile; fileRef = 4AD36F20196DE2F80015BB52 /* RHSCBookingDetailViewController.m */; };
		4AFD3DD51961AFCC00665999 /* RHSCMember.m in Sources */ = {isa = PBXBuildFile; fileRef = 4AFD3DD41961AFCC00665999 /* RHSCMember.m */; };
		4AFD3DD81961AFF600665999 /* RHSCCourtTime.m in Sources */ = {isa = PBXBuildFile; fileRef = 4AFD3DD71961AFF600665999 /* RHSCCourtTime.m */; };
		4AFD3DDB1961B0BF00665999 /* RHSCServer.m in Sources */ = {isa = PBXBuildFile; fileRef = 4AFD3DDA1961B0BF00665999 /* RHSCServer.m */; };
		4AFD3DDE1961B14100665999 /* RHSCMemberList.m in Sources */ = {isa = PBXBuildFile; fileRef = 4AFD3DDD1961B14100665999 /* RHSCMemberList.m */; };
		4AFD3DE11961B54600665999 /* RHSCUser.m in Sources */ = {isa = PBXBuildFile; fileRef = 4AFD3DE01961B54600665999 /* RHSCUser.m */; };
		4AFD3DE41961BBF000665999 /* RHSCFindMemberViewController.m in Sources */ = {isa = PBXBuildFile; fileRef = 4AFD3DE31961BBF000665999 /* RHSCFindMemberViewController.m */; };
		4AFD3DED1961EA7500665999 /* RHSCTabBarController.m in Sources */ = {isa = PBXBuildFile; fileRef = 4AFD3DEC1961EA7500665999 /* RHSCTabBarController.m */; };
		ACAC3384195EF27F00F7562F /* Foundation.framework in Frameworks */ = {isa = PBXBuildFile; fileRef = ACAC3383195EF27F00F7562F /* Foundation.framework */; };
		ACAC3386195EF27F00F7562F /* CoreGraphics.framework in Frameworks */ = {isa = PBXBuildFile; fileRef = ACAC3385195EF27F00F7562F /* CoreGraphics.framework */; };
		ACAC3388195EF27F00F7562F /* UIKit.framework in Frameworks */ = {isa = PBXBuildFile; fileRef = ACAC3387195EF27F00F7562F /* UIKit.framework */; };
		ACAC338E195EF27F00F7562F /* InfoPlist.strings in Resources */ = {isa = PBXBuildFile; fileRef = ACAC338C195EF27F00F7562F /* InfoPlist.strings */; };
		ACAC3390195EF27F00F7562F /* main.m in Sources */ = {isa = PBXBuildFile; fileRef = ACAC338F195EF27F00F7562F /* main.m */; };
		ACAC3394195EF27F00F7562F /* RHSCAppDelegate.m in Sources */ = {isa = PBXBuildFile; fileRef = ACAC3393195EF27F00F7562F /* RHSCAppDelegate.m */; };
		ACAC3397195EF27F00F7562F /* Main.storyboard in Resources */ = {isa = PBXBuildFile; fileRef = ACAC3395195EF27F00F7562F /* Main.storyboard */; };
		ACAC339F195EF27F00F7562F /* Images.xcassets in Resources */ = {isa = PBXBuildFile; fileRef = ACAC339E195EF27F00F7562F /* Images.xcassets */; };
		ACAC33A6195EF27F00F7562F /* XCTest.framework in Frameworks */ = {isa = PBXBuildFile; fileRef = ACAC33A5195EF27F00F7562F /* XCTest.framework */; };
		ACAC33A7195EF27F00F7562F /* Foundation.framework in Frameworks */ = {isa = PBXBuildFile; fileRef = ACAC3383195EF27F00F7562F /* Foundation.framework */; };
		ACAC33A8195EF27F00F7562F /* UIKit.framework in Frameworks */ = {isa = PBXBuildFile; fileRef = ACAC3387195EF27F00F7562F /* UIKit.framework */; };
		ACAC33B0195EF27F00F7562F /* InfoPlist.strings in Resources */ = {isa = PBXBuildFile; fileRef = ACAC33AE195EF27F00F7562F /* InfoPlist.strings */; };
		ACAC33B2195EF27F00F7562F /* iRHSCBookTests.m in Sources */ = {isa = PBXBuildFile; fileRef = ACAC33B1195EF27F00F7562F /* iRHSCBookTests.m */; };
		ACAC33C2195EF51700F7562F /* RHSCCourtTimeViewController.m in Sources */ = {isa = PBXBuildFile; fileRef = ACAC33C1195EF51700F7562F /* RHSCCourtTimeViewController.m */; };
		ACAC33C5195EF8FF00F7562F /* RHSCBookingsViewController.m in Sources */ = {isa = PBXBuildFile; fileRef = ACAC33C4195EF8FF00F7562F /* RHSCBookingsViewController.m */; };
		ACAC33C8195EF99700F7562F /* RHSCMembersViewController.m in Sources */ = {isa = PBXBuildFile; fileRef = ACAC33C7195EF99700F7562F /* RHSCMembersViewController.m */; };
		ACAC33CD1960269700F7562F /* RHSCCourtFilterViewController.m in Sources */ = {isa = PBXBuildFile; fileRef = ACAC33CC1960269700F7562F /* RHSCCourtFilterViewController.m */; };
		ACAC33D01960496600F7562F /* RHSCReserveDoublesViewController.m in Sources */ = {isa = PBXBuildFile; fileRef = ACAC33CF1960496600F7562F /* RHSCReserveDoublesViewController.m */; };
		ACD518EE196188CA00C65C9D /* RHSCReserveSinglesViewController.m in Sources */ = {isa = PBXBuildFile; fileRef = ACD518ED196188CA00C65C9D /* RHSCReserveSinglesViewController.m */; };
/* End PBXBuildFile section */

/* Begin PBXContainerItemProxy section */
		ACAC33A9195EF27F00F7562F /* PBXContainerItemProxy */ = {
			isa = PBXContainerItemProxy;
			containerPortal = ACAC3378195EF27F00F7562F /* Project object */;
			proxyType = 1;
			remoteGlobalIDString = ACAC337F195EF27F00F7562F;
			remoteInfo = iRHSCBook;
		};
/* End PBXContainerItemProxy section */

/* Begin PBXFileReference section */
		4A922D70196BF979007A7478 /* RHSCMemberDetailViewController.h */ = {isa = PBXFileReference; fileEncoding = 4; lastKnownFileType = sourcecode.c.h; path = RHSCMemberDetailViewController.h; sourceTree = "<group>"; };
		4A922D71196BF979007A7478 /* RHSCMemberDetailViewController.m */ = {isa = PBXFileReference; fileEncoding = 4; lastKnownFileType = sourcecode.c.objc; path = RHSCMemberDetailViewController.m; sourceTree = "<group>"; };
		4A922D73196C9C5B007A7478 /* Settings.bundle */ = {isa = PBXFileReference; lastKnownFileType = "wrapper.plug-in"; path = Settings.bundle; sourceTree = "<group>"; };
		4AD36F1C196CC4610015BB52 /* RHSCMyBookingsList.h */ = {isa = PBXFileReference; fileEncoding = 4; lastKnownFileType = sourcecode.c.h; path = RHSCMyBookingsList.h; sourceTree = "<group>"; };
		4AD36F1D196CC4610015BB52 /* RHSCMyBookingsList.m */ = {isa = PBXFileReference; fileEncoding = 4; lastKnownFileType = sourcecode.c.objc; path = RHSCMyBookingsList.m; sourceTree = "<group>"; };
		4AD36F1F196DE2F80015BB52 /* RHSCBookingDetailViewController.h */ = {isa = PBXFileReference; fileEncoding = 4; lastKnownFileType = sourcecode.c.h; path = RHSCBookingDetailViewController.h; sourceTree = "<group>"; };
		4AD36F20196DE2F80015BB52 /* RHSCBookingDetailViewController.m */ = {isa = PBXFileReference; fileEncoding = 4; lastKnownFileType = sourcecode.c.objc; path = RHSCBookingDetailViewController.m; sourceTree = "<group>"; };
		4AFD3DD31961AFCC00665999 /* RHSCMember.h */ = {isa = PBXFileReference; fileEncoding = 4; lastKnownFileType = sourcecode.c.h; path = RHSCMember.h; sourceTree = "<group>"; };
		4AFD3DD41961AFCC00665999 /* RHSCMember.m */ = {isa = PBXFileReference; fileEncoding = 4; lastKnownFileType = sourcecode.c.objc; path = RHSCMember.m; sourceTree = "<group>"; };
		4AFD3DD61961AFF600665999 /* RHSCCourtTime.h */ = {isa = PBXFileReference; fileEncoding = 4; lastKnownFileType = sourcecode.c.h; path = RHSCCourtTime.h; sourceTree = "<group>"; };
		4AFD3DD71961AFF600665999 /* RHSCCourtTime.m */ = {isa = PBXFileReference; fileEncoding = 4; lastKnownFileType = sourcecode.c.objc; path = RHSCCourtTime.m; sourceTree = "<group>"; };
		4AFD3DD91961B0BF00665999 /* RHSCServer.h */ = {isa = PBXFileReference; fileEncoding = 4; lastKnownFileType = sourcecode.c.h; path = RHSCServer.h; sourceTree = "<group>"; };
		4AFD3DDA1961B0BF00665999 /* RHSCServer.m */ = {isa = PBXFileReference; fileEncoding = 4; lastKnownFileType = sourcecode.c.objc; path = RHSCServer.m; sourceTree = "<group>"; };
		4AFD3DDC1961B14100665999 /* RHSCMemberList.h */ = {isa = PBXFileReference; fileEncoding = 4; lastKnownFileType = sourcecode.c.h; path = RHSCMemberList.h; sourceTree = "<group>"; };
		4AFD3DDD1961B14100665999 /* RHSCMemberList.m */ = {isa = PBXFileReference; fileEncoding = 4; lastKnownFileType = sourcecode.c.objc; path = RHSCMemberList.m; sourceTree = "<group>"; };
		4AFD3DDF1961B54600665999 /* RHSCUser.h */ = {isa = PBXFileReference; fileEncoding = 4; lastKnownFileType = sourcecode.c.h; path = RHSCUser.h; sourceTree = "<group>"; };
		4AFD3DE01961B54600665999 /* RHSCUser.m */ = {isa = PBXFileReference; fileEncoding = 4; lastKnownFileType = sourcecode.c.objc; path = RHSCUser.m; sourceTree = "<group>"; };
		4AFD3DE21961BBF000665999 /* RHSCFindMemberViewController.h */ = {isa = PBXFileReference; fileEncoding = 4; lastKnownFileType = sourcecode.c.h; path = RHSCFindMemberViewController.h; sourceTree = "<group>"; };
		4AFD3DE31961BBF000665999 /* RHSCFindMemberViewController.m */ = {isa = PBXFileReference; fileEncoding = 4; lastKnownFileType = sourcecode.c.objc; path = RHSCFindMemberViewController.m; sourceTree = "<group>"; };
		4AFD3DEB1961EA7500665999 /* RHSCTabBarController.h */ = {isa = PBXFileReference; fileEncoding = 4; lastKnownFileType = sourcecode.c.h; path = RHSCTabBarController.h; sourceTree = "<group>"; };
		4AFD3DEC1961EA7500665999 /* RHSCTabBarController.m */ = {isa = PBXFileReference; fileEncoding = 4; lastKnownFileType = sourcecode.c.objc; path = RHSCTabBarController.m; sourceTree = "<group>"; };
		ACAC3380195EF27F00F7562F /* iRHSCBook.app */ = {isa = PBXFileReference; explicitFileType = wrapper.application; includeInIndex = 0; path = iRHSCBook.app; sourceTree = BUILT_PRODUCTS_DIR; };
		ACAC3383195EF27F00F7562F /* Foundation.framework */ = {isa = PBXFileReference; lastKnownFileType = wrapper.framework; name = Foundation.framework; path = System/Library/Frameworks/Foundation.framework; sourceTree = SDKROOT; };
		ACAC3385195EF27F00F7562F /* CoreGraphics.framework */ = {isa = PBXFileReference; lastKnownFileType = wrapper.framework; name = CoreGraphics.framework; path = System/Library/Frameworks/CoreGraphics.framework; sourceTree = SDKROOT; };
		ACAC3387195EF27F00F7562F /* UIKit.framework */ = {isa = PBXFileReference; lastKnownFileType = wrapper.framework; name = UIKit.framework; path = System/Library/Frameworks/UIKit.framework; sourceTree = SDKROOT; };
		ACAC338B195EF27F00F7562F /* iRHSCBook-Info.plist */ = {isa = PBXFileReference; lastKnownFileType = text.plist.xml; path = "iRHSCBook-Info.plist"; sourceTree = "<group>"; };
		ACAC338D195EF27F00F7562F /* en */ = {isa = PBXFileReference; lastKnownFileType = text.plist.strings; name = en; path = en.lproj/InfoPlist.strings; sourceTree = "<group>"; };
		ACAC338F195EF27F00F7562F /* main.m */ = {isa = PBXFileReference; lastKnownFileType = sourcecode.c.objc; path = main.m; sourceTree = "<group>"; };
		ACAC3391195EF27F00F7562F /* iRHSCBook-Prefix.pch */ = {isa = PBXFileReference; lastKnownFileType = sourcecode.c.h; path = "iRHSCBook-Prefix.pch"; sourceTree = "<group>"; };
		ACAC3392195EF27F00F7562F /* RHSCAppDelegate.h */ = {isa = PBXFileReference; lastKnownFileType = sourcecode.c.h; path = RHSCAppDelegate.h; sourceTree = "<group>"; };
		ACAC3393195EF27F00F7562F /* RHSCAppDelegate.m */ = {isa = PBXFileReference; lastKnownFileType = sourcecode.c.objc; path = RHSCAppDelegate.m; sourceTree = "<group>"; };
		ACAC3396195EF27F00F7562F /* Base */ = {isa = PBXFileReference; lastKnownFileType = file.storyboard; name = Base; path = Base.lproj/Main.storyboard; sourceTree = "<group>"; };
		ACAC339E195EF27F00F7562F /* Images.xcassets */ = {isa = PBXFileReference; lastKnownFileType = folder.assetcatalog; path = Images.xcassets; sourceTree = "<group>"; };
		ACAC33A4195EF27F00F7562F /* iRHSCBookTests.xctest */ = {isa = PBXFileReference; explicitFileType = wrapper.cfbundle; includeInIndex = 0; path = iRHSCBookTests.xctest; sourceTree = BUILT_PRODUCTS_DIR; };
		ACAC33A5195EF27F00F7562F /* XCTest.framework */ = {isa = PBXFileReference; lastKnownFileType = wrapper.framework; name = XCTest.framework; path = Library/Frameworks/XCTest.framework; sourceTree = DEVELOPER_DIR; };
		ACAC33AD195EF27F00F7562F /* iRHSCBookTests-Info.plist */ = {isa = PBXFileReference; lastKnownFileType = text.plist.xml; path = "iRHSCBookTests-Info.plist"; sourceTree = "<group>"; };
		ACAC33AF195EF27F00F7562F /* en */ = {isa = PBXFileReference; lastKnownFileType = text.plist.strings; name = en; path = en.lproj/InfoPlist.strings; sourceTree = "<group>"; };
		ACAC33B1195EF27F00F7562F /* iRHSCBookTests.m */ = {isa = PBXFileReference; lastKnownFileType = sourcecode.c.objc; path = iRHSCBookTests.m; sourceTree = "<group>"; };
		ACAC33C0195EF51700F7562F /* RHSCCourtTimeViewController.h */ = {isa = PBXFileReference; fileEncoding = 4; lastKnownFileType = sourcecode.c.h; path = RHSCCourtTimeViewController.h; sourceTree = "<group>"; };
		ACAC33C1195EF51700F7562F /* RHSCCourtTimeViewController.m */ = {isa = PBXFileReference; fileEncoding = 4; lastKnownFileType = sourcecode.c.objc; path = RHSCCourtTimeViewController.m; sourceTree = "<group>"; };
		ACAC33C3195EF8FF00F7562F /* RHSCBookingsViewController.h */ = {isa = PBXFileReference; fileEncoding = 4; lastKnownFileType = sourcecode.c.h; path = RHSCBookingsViewController.h; sourceTree = "<group>"; };
		ACAC33C4195EF8FF00F7562F /* RHSCBookingsViewController.m */ = {isa = PBXFileReference; fileEncoding = 4; lastKnownFileType = sourcecode.c.objc; path = RHSCBookingsViewController.m; sourceTree = "<group>"; };
		ACAC33C6195EF99700F7562F /* RHSCMembersViewController.h */ = {isa = PBXFileReference; fileEncoding = 4; lastKnownFileType = sourcecode.c.h; path = RHSCMembersViewController.h; sourceTree = "<group>"; };
		ACAC33C7195EF99700F7562F /* RHSCMembersViewController.m */ = {isa = PBXFileReference; fileEncoding = 4; lastKnownFileType = sourcecode.c.objc; path = RHSCMembersViewController.m; sourceTree = "<group>"; };
		ACAC33CB1960269700F7562F /* RHSCCourtFilterViewController.h */ = {isa = PBXFileReference; fileEncoding = 4; lastKnownFileType = sourcecode.c.h; path = RHSCCourtFilterViewController.h; sourceTree = "<group>"; };
		ACAC33CC1960269700F7562F /* RHSCCourtFilterViewController.m */ = {isa = PBXFileReference; fileEncoding = 4; lastKnownFileType = sourcecode.c.objc; path = RHSCCourtFilterViewController.m; sourceTree = "<group>"; };
		ACAC33CE1960496600F7562F /* RHSCReserveDoublesViewController.h */ = {isa = PBXFileReference; fileEncoding = 4; lastKnownFileType = sourcecode.c.h; path = RHSCReserveDoublesViewController.h; sourceTree = "<group>"; };
		ACAC33CF1960496600F7562F /* RHSCReserveDoublesViewController.m */ = {isa = PBXFileReference; fileEncoding = 4; lastKnownFileType = sourcecode.c.objc; path = RHSCReserveDoublesViewController.m; sourceTree = "<group>"; };
		ACD518ED196188CA00C65C9D /* RHSCReserveSinglesViewController.m */ = {isa = PBXFileReference; fileEncoding = 4; lastKnownFileType = sourcecode.c.objc; path = RHSCReserveSinglesViewController.m; sourceTree = "<group>"; };
		ACD518EF196188E800C65C9D /* RHSCReserveSinglesViewController.h */ = {isa = PBXFileReference; fileEncoding = 4; lastKnownFileType = sourcecode.c.h; path = RHSCReserveSinglesViewController.h; sourceTree = "<group>"; };
/* End PBXFileReference section */

/* Begin PBXFrameworksBuildPhase section */
		ACAC337D195EF27F00F7562F /* Frameworks */ = {
			isa = PBXFrameworksBuildPhase;
			buildActionMask = 2147483647;
			files = (
				ACAC3386195EF27F00F7562F /* CoreGraphics.framework in Frameworks */,
				ACAC3388195EF27F00F7562F /* UIKit.framework in Frameworks */,
				ACAC3384195EF27F00F7562F /* Foundation.framework in Frameworks */,
			);
			runOnlyForDeploymentPostprocessing = 0;
		};
		ACAC33A1195EF27F00F7562F /* Frameworks */ = {
			isa = PBXFrameworksBuildPhase;
			buildActionMask = 2147483647;
			files = (
				ACAC33A6195EF27F00F7562F /* XCTest.framework in Frameworks */,
				ACAC33A8195EF27F00F7562F /* UIKit.framework in Frameworks */,
				ACAC33A7195EF27F00F7562F /* Foundation.framework in Frameworks */,
			);
			runOnlyForDeploymentPostprocessing = 0;
		};
/* End PBXFrameworksBuildPhase section */

/* Begin PBXGroup section */
		4AD36F22196FE5310015BB52 /* Model */ = {
			isa = PBXGroup;
			children = (
				4AFD3DD31961AFCC00665999 /* RHSCMember.h */,
				4AFD3DD41961AFCC00665999 /* RHSCMember.m */,
				4AD36F1C196CC4610015BB52 /* RHSCMyBookingsList.h */,
				4AD36F1D196CC4610015BB52 /* RHSCMyBookingsList.m */,
				4AFD3DD61961AFF600665999 /* RHSCCourtTime.h */,
				4AFD3DD71961AFF600665999 /* RHSCCourtTime.m */,
				4AFD3DD91961B0BF00665999 /* RHSCServer.h */,
				4AFD3DDA1961B0BF00665999 /* RHSCServer.m */,
				4AFD3DDC1961B14100665999 /* RHSCMemberList.h */,
				4AFD3DDD1961B14100665999 /* RHSCMemberList.m */,
				4AFD3DDF1961B54600665999 /* RHSCUser.h */,
				4AFD3DE01961B54600665999 /* RHSCUser.m */,
			);
			name = Model;
			sourceTree = "<group>";
		};
		4AD36F23196FE5710015BB52 /* View */ = {
			isa = PBXGroup;
			children = (
				4AFD3DEB1961EA7500665999 /* RHSCTabBarController.h */,
				4AFD3DEC1961EA7500665999 /* RHSCTabBarController.m */,
				4AD36F26196FE5A30015BB52 /* Members */,
				4AD36F25196FE59B0015BB52 /* Bookings */,
				4AD36F24196FE5870015BB52 /* Courts */,
			);
			name = View;
			sourceTree = "<group>";
		};
		4AD36F24196FE5870015BB52 /* Courts */ = {
			isa = PBXGroup;
			children = (
				4AFD3DE21961BBF000665999 /* RHSCFindMemberViewController.h */,
				4AFD3DE31961BBF000665999 /* RHSCFindMemberViewController.m */,
				ACAC33C0195EF51700F7562F /* RHSCCourtTimeViewController.h */,
				ACAC33C1195EF51700F7562F /* RHSCCourtTimeViewController.m */,
				ACAC33CB1960269700F7562F /* RHSCCourtFilterViewController.h */,
				ACAC33CC1960269700F7562F /* RHSCCourtFilterViewController.m */,
				ACAC33CE1960496600F7562F /* RHSCReserveDoublesViewController.h */,
				ACD518EF196188E800C65C9D /* RHSCReserveSinglesViewController.h */,
				ACAC33CF1960496600F7562F /* RHSCReserveDoublesViewController.m */,
				ACD518ED196188CA00C65C9D /* RHSCReserveSinglesViewController.m */,
			);
			name = Courts;
			sourceTree = "<group>";
		};
		4AD36F25196FE59B0015BB52 /* Bookings */ = {
			isa = PBXGroup;
			children = (
				ACAC33C3195EF8FF00F7562F /* RHSCBookingsViewController.h */,
				4AD36F1F196DE2F80015BB52 /* RHSCBookingDetailViewController.h */,
				4AD36F20196DE2F80015BB52 /* RHSCBookingDetailViewController.m */,
				ACAC33C4195EF8FF00F7562F /* RHSCBookingsViewController.m */,
			);
			name = Bookings;
			sourceTree = "<group>";
		};
		4AD36F26196FE5A30015BB52 /* Members */ = {
			isa = PBXGroup;
			children = (
				ACAC33C6195EF99700F7562F /* RHSCMembersViewController.h */,
				4A922D70196BF979007A7478 /* RHSCMemberDetailViewController.h */,
				4A922D71196BF979007A7478 /* RHSCMemberDetailViewController.m */,
				ACAC33C7195EF99700F7562F /* RHSCMembersViewController.m */,
			);
			name = Members;
			sourceTree = "<group>";
		};
		ACAC3377195EF27F00F7562F = {
			isa = PBXGroup;
			children = (
				4A922D73196C9C5B007A7478 /* Settings.bundle */,
				ACAC3389195EF27F00F7562F /* iRHSCBook */,
				ACAC33AB195EF27F00F7562F /* iRHSCBookTests */,
				ACAC3382195EF27F00F7562F /* Frameworks */,
				ACAC3381195EF27F00F7562F /* Products */,
			);
			sourceTree = "<group>";
		};
		ACAC3381195EF27F00F7562F /* Products */ = {
			isa = PBXGroup;
			children = (
				ACAC3380195EF27F00F7562F /* iRHSCBook.app */,
				ACAC33A4195EF27F00F7562F /* iRHSCBookTests.xctest */,
			);
			name = Products;
			sourceTree = "<group>";
		};
		ACAC3382195EF27F00F7562F /* Frameworks */ = {
			isa = PBXGroup;
			children = (
				ACAC3383195EF27F00F7562F /* Foundation.framework */,
				ACAC3385195EF27F00F7562F /* CoreGraphics.framework */,
				ACAC3387195EF27F00F7562F /* UIKit.framework */,
				ACAC33A5195EF27F00F7562F /* XCTest.framework */,
			);
			name = Frameworks;
			sourceTree = "<group>";
		};
		ACAC3389195EF27F00F7562F /* iRHSCBook */ = {
			isa = PBXGroup;
			children = (
				ACAC3395195EF27F00F7562F /* Main.storyboard */,
				ACAC339E195EF27F00F7562F /* Images.xcassets */,
				ACAC3392195EF27F00F7562F /* RHSCAppDelegate.h */,
				ACAC3393195EF27F00F7562F /* RHSCAppDelegate.m */,
				4AD36F23196FE5710015BB52 /* View */,
				4AD36F22196FE5310015BB52 /* Model */,
				ACAC338A195EF27F00F7562F /* Supporting Files */,
			);
			path = iRHSCBook;
			sourceTree = "<group>";
		};
		ACAC338A195EF27F00F7562F /* Supporting Files */ = {
			isa = PBXGroup;
			children = (
				ACAC338B195EF27F00F7562F /* iRHSCBook-Info.plist */,
				ACAC338C195EF27F00F7562F /* InfoPlist.strings */,
				ACAC338F195EF27F00F7562F /* main.m */,
				ACAC3391195EF27F00F7562F /* iRHSCBook-Prefix.pch */,
			);
			name = "Supporting Files";
			sourceTree = "<group>";
		};
		ACAC33AB195EF27F00F7562F /* iRHSCBookTests */ = {
			isa = PBXGroup;
			children = (
				ACAC33B1195EF27F00F7562F /* iRHSCBookTests.m */,
				ACAC33AC195EF27F00F7562F /* Supporting Files */,
			);
			path = iRHSCBookTests;
			sourceTree = "<group>";
		};
		ACAC33AC195EF27F00F7562F /* Supporting Files */ = {
			isa = PBXGroup;
			children = (
				ACAC33AD195EF27F00F7562F /* iRHSCBookTests-Info.plist */,
				ACAC33AE195EF27F00F7562F /* InfoPlist.strings */,
			);
			name = "Supporting Files";
			sourceTree = "<group>";
		};
/* End PBXGroup section */

/* Begin PBXNativeTarget section */
		ACAC337F195EF27F00F7562F /* iRHSCBook */ = {
			isa = PBXNativeTarget;
			buildConfigurationList = ACAC33B5195EF27F00F7562F /* Build configuration list for PBXNativeTarget "iRHSCBook" */;
			buildPhases = (
				ACAC337C195EF27F00F7562F /* Sources */,
				ACAC337D195EF27F00F7562F /* Frameworks */,
				ACAC337E195EF27F00F7562F /* Resources */,
			);
			buildRules = (
			);
			dependencies = (
			);
			name = iRHSCBook;
			productName = iRHSCBook;
			productReference = ACAC3380195EF27F00F7562F /* iRHSCBook.app */;
			productType = "com.apple.product-type.application";
		};
		ACAC33A3195EF27F00F7562F /* iRHSCBookTests */ = {
			isa = PBXNativeTarget;
			buildConfigurationList = ACAC33B8195EF27F00F7562F /* Build configuration list for PBXNativeTarget "iRHSCBookTests" */;
			buildPhases = (
				ACAC33A0195EF27F00F7562F /* Sources */,
				ACAC33A1195EF27F00F7562F /* Frameworks */,
				ACAC33A2195EF27F00F7562F /* Resources */,
			);
			buildRules = (
			);
			dependencies = (
				ACAC33AA195EF27F00F7562F /* PBXTargetDependency */,
			);
			name = iRHSCBookTests;
			productName = iRHSCBookTests;
			productReference = ACAC33A4195EF27F00F7562F /* iRHSCBookTests.xctest */;
			productType = "com.apple.product-type.bundle.unit-test";
		};
/* End PBXNativeTarget section */

/* Begin PBXProject section */
		ACAC3378195EF27F00F7562F /* Project object */ = {
			isa = PBXProject;
			attributes = {
				CLASSPREFIX = RHSC;
				LastUpgradeCheck = 0510;
				ORGANIZATIONNAME = "Richmond Hill Squash Club";
				TargetAttributes = {
					ACAC33A3195EF27F00F7562F = {
						TestTargetID = ACAC337F195EF27F00F7562F;
					};
				};
			};
			buildConfigurationList = ACAC337B195EF27F00F7562F /* Build configuration list for PBXProject "iRHSCBook" */;
			compatibilityVersion = "Xcode 3.2";
			developmentRegion = English;
			hasScannedForEncodings = 0;
			knownRegions = (
				en,
				Base,
			);
			mainGroup = ACAC3377195EF27F00F7562F;
			productRefGroup = ACAC3381195EF27F00F7562F /* Products */;
			projectDirPath = "";
			projectRoot = "";
			targets = (
				ACAC337F195EF27F00F7562F /* iRHSCBook */,
				ACAC33A3195EF27F00F7562F /* iRHSCBookTests */,
			);
		};
/* End PBXProject section */

/* Begin PBXResourcesBuildPhase section */
		ACAC337E195EF27F00F7562F /* Resources */ = {
			isa = PBXResourcesBuildPhase;
			buildActionMask = 2147483647;
			files = (
				4A922D74196C9C5B007A7478 /* Settings.bundle in Resources */,
				ACAC339F195EF27F00F7562F /* Images.xcassets in Resources */,
				ACAC338E195EF27F00F7562F /* InfoPlist.strings in Resources */,
				ACAC3397195EF27F00F7562F /* Main.storyboard in Resources */,
			);
			runOnlyForDeploymentPostprocessing = 0;
		};
		ACAC33A2195EF27F00F7562F /* Resources */ = {
			isa = PBXResourcesBuildPhase;
			buildActionMask = 2147483647;
			files = (
				ACAC33B0195EF27F00F7562F /* InfoPlist.strings in Resources */,
			);
			runOnlyForDeploymentPostprocessing = 0;
		};
/* End PBXResourcesBuildPhase section */

/* Begin PBXSourcesBuildPhase section */
		ACAC337C195EF27F00F7562F /* Sources */ = {
			isa = PBXSourcesBuildPhase;
			buildActionMask = 2147483647;
			files = (
				4AFD3DED1961EA7500665999 /* RHSCTabBarController.m in Sources */,
				ACAC33C2195EF51700F7562F /* RHSCCourtTimeViewController.m in Sources */,
				4AFD3DE11961B54600665999 /* RHSCUser.m in Sources */,
				4AD36F21196DE2F80015BB52 /* RHSCBookingDetailViewController.m in Sources */,
				ACD518EE196188CA00C65C9D /* RHSCReserveSinglesViewController.m in Sources */,
				ACAC3394195EF27F00F7562F /* RHSCAppDelegate.m in Sources */,
				ACAC33CD1960269700F7562F /* RHSCCourtFilterViewController.m in Sources */,
				4AD36F1E196CC4610015BB52 /* RHSCMyBookingsList.m in Sources */,
				ACAC33C5195EF8FF00F7562F /* RHSCBookingsViewController.m in Sources */,
				ACAC3390195EF27F00F7562F /* main.m in Sources */,
				ACAC33D01960496600F7562F /* RHSCReserveDoublesViewController.m in Sources */,
				4AFD3DDE1961B14100665999 /* RHSCMemberList.m in Sources */,
				4A922D72196BF979007A7478 /* RHSCMemberDetailViewController.m in Sources */,
				4AFD3DD51961AFCC00665999 /* RHSCMember.m in Sources */,
				4AFD3DD81961AFF600665999 /* RHSCCourtTime.m in Sources */,
				4AFD3DDB1961B0BF00665999 /* RHSCServer.m in Sources */,
				ACAC33C8195EF99700F7562F /* RHSCMembersViewController.m in Sources */,
				4AFD3DE41961BBF000665999 /* RHSCFindMemberViewController.m in Sources */,
			);
			runOnlyForDeploymentPostprocessing = 0;
		};
		ACAC33A0195EF27F00F7562F /* Sources */ = {
			isa = PBXSourcesBuildPhase;
			buildActionMask = 2147483647;
			files = (
				ACAC33B2195EF27F00F7562F /* iRHSCBookTests.m in Sources */,
			);
			runOnlyForDeploymentPostprocessing = 0;
		};
/* End PBXSourcesBuildPhase section */

/* Begin PBXTargetDependency section */
		ACAC33AA195EF27F00F7562F /* PBXTargetDependency */ = {
			isa = PBXTargetDependency;
			target = ACAC337F195EF27F00F7562F /* iRHSCBook */;
			targetProxy = ACAC33A9195EF27F00F7562F /* PBXContainerItemProxy */;
		};
/* End PBXTargetDependency section */

/* Begin PBXVariantGroup section */
		ACAC338C195EF27F00F7562F /* InfoPlist.strings */ = {
			isa = PBXVariantGroup;
			children = (
				ACAC338D195EF27F00F7562F /* en */,
			);
			name = InfoPlist.strings;
			sourceTree = "<group>";
		};
		ACAC3395195EF27F00F7562F /* Main.storyboard */ = {
			isa = PBXVariantGroup;
			children = (
				ACAC3396195EF27F00F7562F /* Base */,
			);
			name = Main.storyboard;
			sourceTree = "<group>";
		};
		ACAC33AE195EF27F00F7562F /* InfoPlist.strings */ = {
			isa = PBXVariantGroup;
			children = (
				ACAC33AF195EF27F00F7562F /* en */,
			);
			name = InfoPlist.strings;
			sourceTree = "<group>";
		};
/* End PBXVariantGroup section */

/* Begin XCBuildConfiguration section */
		ACAC33B3195EF27F00F7562F /* Debug */ = {
			isa = XCBuildConfiguration;
			buildSettings = {
				ALWAYS_SEARCH_USER_PATHS = NO;
				CLANG_CXX_LANGUAGE_STANDARD = "gnu++0x";
				CLANG_CXX_LIBRARY = "libc++";
				CLANG_ENABLE_MODULES = YES;
				CLANG_ENABLE_OBJC_ARC = YES;
				CLANG_WARN_BOOL_CONVERSION = YES;
				CLANG_WARN_CONSTANT_CONVERSION = YES;
				CLANG_WARN_DIRECT_OBJC_ISA_USAGE = YES_ERROR;
				CLANG_WARN_EMPTY_BODY = YES;
				CLANG_WARN_ENUM_CONVERSION = YES;
				CLANG_WARN_INT_CONVERSION = YES;
				CLANG_WARN_OBJC_ROOT_CLASS = YES_ERROR;
				CLANG_WARN__DUPLICATE_METHOD_MATCH = YES;
				"CODE_SIGN_IDENTITY[sdk=iphoneos*]" = "iPhone Developer";
				COPY_PHASE_STRIP = NO;
				GCC_C_LANGUAGE_STANDARD = gnu99;
				GCC_DYNAMIC_NO_PIC = NO;
				GCC_OPTIMIZATION_LEVEL = 0;
				GCC_PREPROCESSOR_DEFINITIONS = (
					"DEBUG=1",
					"$(inherited)",
				);
				GCC_SYMBOLS_PRIVATE_EXTERN = NO;
				GCC_WARN_64_TO_32_BIT_CONVERSION = YES;
				GCC_WARN_ABOUT_RETURN_TYPE = YES_ERROR;
				GCC_WARN_UNDECLARED_SELECTOR = YES;
				GCC_WARN_UNINITIALIZED_AUTOS = YES_AGGRESSIVE;
				GCC_WARN_UNUSED_FUNCTION = YES;
				GCC_WARN_UNUSED_VARIABLE = YES;
				IPHONEOS_DEPLOYMENT_TARGET = 7.1;
				ONLY_ACTIVE_ARCH = YES;
				SDKROOT = iphoneos;
			};
			name = Debug;
		};
		ACAC33B4195EF27F00F7562F /* Release */ = {
			isa = XCBuildConfiguration;
			buildSettings = {
				ALWAYS_SEARCH_USER_PATHS = NO;
				CLANG_CXX_LANGUAGE_STANDARD = "gnu++0x";
				CLANG_CXX_LIBRARY = "libc++";
				CLANG_ENABLE_MODULES = YES;
				CLANG_ENABLE_OBJC_ARC = YES;
				CLANG_WARN_BOOL_CONVERSION = YES;
				CLANG_WARN_CONSTANT_CONVERSION = YES;
				CLANG_WARN_DIRECT_OBJC_ISA_USAGE = YES_ERROR;
				CLANG_WARN_EMPTY_BODY = YES;
				CLANG_WARN_ENUM_CONVERSION = YES;
				CLANG_WARN_INT_CONVERSION = YES;
				CLANG_WARN_OBJC_ROOT_CLASS = YES_ERROR;
				CLANG_WARN__DUPLICATE_METHOD_MATCH = YES;
				"CODE_SIGN_IDENTITY[sdk=iphoneos*]" = "iPhone Developer";
				COPY_PHASE_STRIP = YES;
				ENABLE_NS_ASSERTIONS = NO;
				GCC_C_LANGUAGE_STANDARD = gnu99;
				GCC_WARN_64_TO_32_BIT_CONVERSION = YES;
				GCC_WARN_ABOUT_RETURN_TYPE = YES_ERROR;
				GCC_WARN_UNDECLARED_SELECTOR = YES;
				GCC_WARN_UNINITIALIZED_AUTOS = YES_AGGRESSIVE;
				GCC_WARN_UNUSED_FUNCTION = YES;
				GCC_WARN_UNUSED_VARIABLE = YES;
				IPHONEOS_DEPLOYMENT_TARGET = 7.1;
				SDKROOT = iphoneos;
				VALIDATE_PRODUCT = YES;
			};
			name = Release;
		};
		ACAC33B6195EF27F00F7562F /* Debug */ = {
			isa = XCBuildConfiguration;
			buildSettings = {
				ASSETCATALOG_COMPILER_APPICON_NAME = AppIcon;
				ASSETCATALOG_COMPILER_LAUNCHIMAGE_NAME = LaunchImage;
				GCC_PRECOMPILE_PREFIX_HEADER = YES;
				GCC_PREFIX_HEADER = "iRHSCBook/iRHSCBook-Prefix.pch";
				INFOPLIST_FILE = "iRHSCBook/iRHSCBook-Info.plist";
				IPHONEOS_DEPLOYMENT_TARGET = 7.0;
				PRODUCT_NAME = "$(TARGET_NAME)";
				TARGETED_DEVICE_FAMILY = 1;
				WRAPPER_EXTENSION = app;
			};
			name = Debug;
		};
		ACAC33B7195EF27F00F7562F /* Release */ = {
			isa = XCBuildConfiguration;
			buildSettings = {
				ASSETCATALOG_COMPILER_APPICON_NAME = AppIcon;
				ASSETCATALOG_COMPILER_LAUNCHIMAGE_NAME = LaunchImage;
				GCC_PRECOMPILE_PREFIX_HEADER = YES;
				GCC_PREFIX_HEADER = "iRHSCBook/iRHSCBook-Prefix.pch";
				INFOPLIST_FILE = "iRHSCBook/iRHSCBook-Info.plist";
				IPHONEOS_DEPLOYMENT_TARGET = 7.0;
				PRODUCT_NAME = "$(TARGET_NAME)";
				TARGETED_DEVICE_FAMILY = 1;
				WRAPPER_EXTENSION = app;
			};
			name = Release;
		};
		ACAC33B9195EF27F00F7562F /* Debug */ = {
			isa = XCBuildConfiguration;
			buildSettings = {
				BUNDLE_LOADER = "$(BUILT_PRODUCTS_DIR)/iRHSCBook.app/iRHSCBook";
				FRAMEWORK_SEARCH_PATHS = (
					"$(SDKROOT)/Developer/Library/Frameworks",
					"$(inherited)",
					"$(DEVELOPER_FRAMEWORKS_DIR)",
				);
				GCC_PRECOMPILE_PREFIX_HEADER = YES;
				GCC_PREFIX_HEADER = "iRHSCBook/iRHSCBook-Prefix.pch";
				GCC_PREPROCESSOR_DEFINITIONS = (
					"DEBUG=1",
					"$(inherited)",
				);
				INFOPLIST_FILE = "iRHSCBookTests/iRHSCBookTests-Info.plist";
				PRODUCT_NAME = "$(TARGET_NAME)";
				TEST_HOST = "$(BUNDLE_LOADER)";
				WRAPPER_EXTENSION = xctest;
			};
			name = Debug;
		};
		ACAC33BA195EF27F00F7562F /* Release */ = {
			isa = XCBuildConfiguration;
			buildSettings = {
				BUNDLE_LOADER = "$(BUILT_PRODUCTS_DIR)/iRHSCBook.app/iRHSCBook";
				FRAMEWORK_SEARCH_PATHS = (
					"$(SDKROOT)/Developer/Library/Frameworks",
					"$(inherited)",
					"$(DEVELOPER_FRAMEWORKS_DIR)",
				);
				GCC_PRECOMPILE_PREFIX_HEADER = YES;
				GCC_PREFIX_HEADER = "iRHSCBook/iRHSCBook-Prefix.pch";
				INFOPLIST_FILE = "iRHSCBookTests/iRHSCBookTests-Info.plist";
				PRODUCT_NAME = "$(TARGET_NAME)";
				TEST_HOST = "$(BUNDLE_LOADER)";
				WRAPPER_EXTENSION = xctest;
			};
			name = Release;
		};
/* End XCBuildConfiguration section */

/* Begin XCConfigurationList section */
		ACAC337B195EF27F00F7562F /* Build configuration list for PBXProject "iRHSCBook" */ = {
			isa = XCConfigurationList;
			buildConfigurations = (
				ACAC33B3195EF27F00F7562F /* Debug */,
				ACAC33B4195EF27F00F7562F /* Release */,
			);
			defaultConfigurationIsVisible = 0;
			defaultConfigurationName = Release;
		};
		ACAC33B5195EF27F00F7562F /* Build configuration list for PBXNativeTarget "iRHSCBook" */ = {
			isa = XCConfigurationList;
			buildConfigurations = (
				ACAC33B6195EF27F00F7562F /* Debug */,
				ACAC33B7195EF27F00F7562F /* Release */,
			);
			defaultConfigurationIsVisible = 0;
			defaultConfigurationName = Release;
		};
		ACAC33B8195EF27F00F7562F /* Build configuration list for PBXNativeTarget "iRHSCBookTests" */ = {
			isa = XCConfigurationList;
			buildConfigurations = (
				ACAC33B9195EF27F00F7562F /* Debug */,
				ACAC33BA195EF27F00F7562F /* Release */,
			);
			defaultConfigurationIsVisible = 0;
			defaultConfigurationName = Release;
		};
/* End XCConfigurationList section */
	};
	rootObject = ACAC3378195EF27F00F7562F /* Project object */;
}
