// !$*UTF8*$!
{
	archiveVersion = 1;
	classes = {
	};
	objectVersion = 46;
	objects = {

/* Begin PBXBuildFile section */
		4A1471D41C0651A400D824D3 /* RHSCHistoryList.swift in Sources */ = {isa = PBXBuildFile; fileRef = 4A1471D31C0651A400D824D3 /* RHSCHistoryList.swift */; };
		4A1471D71C06528C00D824D3 /* RHSCHistoryViewController.swift in Sources */ = {isa = PBXBuildFile; fileRef = 4A1471D61C06528C00D824D3 /* RHSCHistoryViewController.swift */; };
		4A2EDE031BDD7B270012CC4E /* RHSCMemberList.swift in Sources */ = {isa = PBXBuildFile; fileRef = 4A2EDE021BDD7B270012CC4E /* RHSCMemberList.swift */; };
		4A2EDE051BDD8AC00012CC4E /* RHSCServer.swift in Sources */ = {isa = PBXBuildFile; fileRef = 4A2EDE041BDD8AC00012CC4E /* RHSCServer.swift */; };
		4A2EDE071BDD8DA80012CC4E /* RHSCUser.swift in Sources */ = {isa = PBXBuildFile; fileRef = 4A2EDE061BDD8DA80012CC4E /* RHSCUser.swift */; };
		4A2EDE091BDD8DC00012CC4E /* RHSCGuest.swift in Sources */ = {isa = PBXBuildFile; fileRef = 4A2EDE081BDD8DC00012CC4E /* RHSCGuest.swift */; };
		4A2EDE0B1BDD8DE20012CC4E /* RHSCCourtTime.swift in Sources */ = {isa = PBXBuildFile; fileRef = 4A2EDE0A1BDD8DE20012CC4E /* RHSCCourtTime.swift */; };
		4A2EDE0D1BDD8E080012CC4E /* RHSCMyBookingsList.swift in Sources */ = {isa = PBXBuildFile; fileRef = 4A2EDE0C1BDD8E080012CC4E /* RHSCMyBookingsList.swift */; };
		4A2EDE111BDED34D0012CC4E /* RHSCMembersViewController.swift in Sources */ = {isa = PBXBuildFile; fileRef = 4A2EDE101BDED34D0012CC4E /* RHSCMembersViewController.swift */; };
		4A2EDE151BDED8DE0012CC4E /* RHSCTabBarController.swift in Sources */ = {isa = PBXBuildFile; fileRef = 4A2EDE141BDED8DE0012CC4E /* RHSCTabBarController.swift */; };
		4A2EDE171BE029020012CC4E /* Reachability.swift in Sources */ = {isa = PBXBuildFile; fileRef = 4A2EDE161BE029020012CC4E /* Reachability.swift */; };
		4A2EDE1B1BE0C9D10012CC4E /* RHSCBookingDetailViewController.swift in Sources */ = {isa = PBXBuildFile; fileRef = 4A2EDE1A1BE0C9D10012CC4E /* RHSCBookingDetailViewController.swift */; };
		4A2EDE1D1BE2253A0012CC4E /* RHSCBookingsViewController.swift in Sources */ = {isa = PBXBuildFile; fileRef = 4A2EDE1C1BE2253A0012CC4E /* RHSCBookingsViewController.swift */; };
		4A2EDE1F1BE25A5C0012CC4E /* RHSCCourtTimeViewController.swift in Sources */ = {isa = PBXBuildFile; fileRef = 4A2EDE1E1BE25A5C0012CC4E /* RHSCCourtTimeViewController.swift */; };
		4A2EDE211BE25ABE0012CC4E /* RHSCCourtTimeTableViewCell.swift in Sources */ = {isa = PBXBuildFile; fileRef = 4A2EDE201BE25ABE0012CC4E /* RHSCCourtTimeTableViewCell.swift */; };
		4A2EDE251BE421C10012CC4E /* RHSCFindMemberViewController.swift in Sources */ = {isa = PBXBuildFile; fileRef = 4A2EDE241BE421C10012CC4E /* RHSCFindMemberViewController.swift */; };
		4A2EDE2B1BE445B50012CC4E /* RHSCAppDelegate.swift in Sources */ = {isa = PBXBuildFile; fileRef = 4A2EDE2A1BE445B50012CC4E /* RHSCAppDelegate.swift */; };
		4A2EDE311BE974F50012CC4E /* RHSCColors.swift in Sources */ = {isa = PBXBuildFile; fileRef = 4A2EDE301BE974F50012CC4E /* RHSCColors.swift */; };
		4A2EDE371BED5C1C0012CC4E /* RHSCBookCourtViewController.swift in Sources */ = {isa = PBXBuildFile; fileRef = 4A2EDE361BED5C1C0012CC4E /* RHSCBookCourtViewController.swift */; };
		4A2EDE3B1BED83120012CC4E /* RHSCBookCourtTableViewCell.xib in Resources */ = {isa = PBXBuildFile; fileRef = 4A2EDE3A1BED83120012CC4E /* RHSCBookCourtTableViewCell.xib */; };
		4A2EDE411BEE929F0012CC4E /* RHSCPickerTableViewCell.swift in Sources */ = {isa = PBXBuildFile; fileRef = 4A2EDE401BEE929F0012CC4E /* RHSCPickerTableViewCell.swift */; };
		4A4C97531F164482006DD53C /* RHSCLogonViewController.swift in Sources */ = {isa = PBXBuildFile; fileRef = 4A4C97521F164482006DD53C /* RHSCLogonViewController.swift */; };
		4A850B9619871BB700D29EB7 /* RHSCCourtTimeTableViewCell.xib in Resources */ = {isa = PBXBuildFile; fileRef = 4A850B9419871BB700D29EB7 /* RHSCCourtTimeTableViewCell.xib */; };
		4A922D74196C9C5B007A7478 /* Settings.bundle in Resources */ = {isa = PBXBuildFile; fileRef = 4A922D73196C9C5B007A7478 /* Settings.bundle */; };
		4AB35CF61BF0150C00CABFF1 /* RHSCUpdateCourtViewController.swift in Sources */ = {isa = PBXBuildFile; fileRef = 4AB35CF51BF0150C00CABFF1 /* RHSCUpdateCourtViewController.swift */; };
		4AB35CF81BF14FB400CABFF1 /* RHSCCancelCourtViewController.swift in Sources */ = {isa = PBXBuildFile; fileRef = 4AB35CF71BF14FB400CABFF1 /* RHSCCancelCourtViewController.swift */; };
		4AB4C5E51BF2143200EBDED9 /* RHSCContactMemberViewController.swift in Sources */ = {isa = PBXBuildFile; fileRef = 4AB4C5E41BF2143200EBDED9 /* RHSCContactMemberViewController.swift */; };
		4AB4C5E91BF215C300EBDED9 /* RHSCContactMemberTableViewCell.xib in Resources */ = {isa = PBXBuildFile; fileRef = 4AB4C5E81BF215C300EBDED9 /* RHSCContactMemberTableViewCell.xib */; };
		4AC8C3AF1BD647010077A23F /* RHSCMember.swift in Sources */ = {isa = PBXBuildFile; fileRef = 4AC8C3AE1BD647010077A23F /* RHSCMember.swift */; };
		4AD36F28196FF22A0015BB52 /* MessageUI.framework in Frameworks */ = {isa = PBXBuildFile; fileRef = 4AD36F27196FF22A0015BB52 /* MessageUI.framework */; };
		4ADB4C461C1B2580002C344C /* iRHSCBookUITests.swift in Sources */ = {isa = PBXBuildFile; fileRef = 4ADB4C451C1B2580002C344C /* iRHSCBookUITests.swift */; };
		4AF4171D1C074D3500C2CA2E /* RHSCHistoryTableViewCell.xib in Resources */ = {isa = PBXBuildFile; fileRef = 4AF4171C1C074D3500C2CA2E /* RHSCHistoryTableViewCell.xib */; };
		4AF4171F1C074DA700C2CA2E /* RHSCHistoryTableViewCell.swift in Sources */ = {isa = PBXBuildFile; fileRef = 4AF4171E1C074DA700C2CA2E /* RHSCHistoryTableViewCell.swift */; };
		4AF417211C0782B600C2CA2E /* RHSCReportNoShowViewController.swift in Sources */ = {isa = PBXBuildFile; fileRef = 4AF417201C0782B600C2CA2E /* RHSCReportNoShowViewController.swift */; };
		4AF417231C0786A400C2CA2E /* RHSCReportNoShowTableViewCell.xib in Resources */ = {isa = PBXBuildFile; fileRef = 4AF417221C0786A400C2CA2E /* RHSCReportNoShowTableViewCell.xib */; };
		4AF417251C08932F00C2CA2E /* RHSCRecordScoresTableViewCell.xib in Resources */ = {isa = PBXBuildFile; fileRef = 4AF417241C08932F00C2CA2E /* RHSCRecordScoresTableViewCell.xib */; };
		4AF417271C089EB900C2CA2E /* RHSCRecordScoresViewController.swift in Sources */ = {isa = PBXBuildFile; fileRef = 4AF417261C089EB900C2CA2E /* RHSCRecordScoresViewController.swift */; };
		4AF4172B1C08A1B400C2CA2E /* RHSCTeamSelectionTableViewCell.swift in Sources */ = {isa = PBXBuildFile; fileRef = 4AF4172A1C08A1B400C2CA2E /* RHSCTeamSelectionTableViewCell.swift */; };
		4AF4172D1C08A28300C2CA2E /* RHSCTeamScoresTableViewCell.swift in Sources */ = {isa = PBXBuildFile; fileRef = 4AF4172C1C08A28300C2CA2E /* RHSCTeamScoresTableViewCell.swift */; };
		4AF417331C08EF6F00C2CA2E /* RHSCGameScoreTableViewCell.swift in Sources */ = {isa = PBXBuildFile; fileRef = 4AF417321C08EF6F00C2CA2E /* RHSCGameScoreTableViewCell.swift */; };
		4AF47F861C10DB6F00A4E240 /* RHSCGamesWonTableViewCell.swift in Sources */ = {isa = PBXBuildFile; fileRef = 4AF47F851C10DB6F00A4E240 /* RHSCGamesWonTableViewCell.swift */; };
		ACAC3384195EF27F00F7562F /* Foundation.framework in Frameworks */ = {isa = PBXBuildFile; fileRef = ACAC3383195EF27F00F7562F /* Foundation.framework */; };
		ACAC3386195EF27F00F7562F /* CoreGraphics.framework in Frameworks */ = {isa = PBXBuildFile; fileRef = ACAC3385195EF27F00F7562F /* CoreGraphics.framework */; };
		ACAC3388195EF27F00F7562F /* UIKit.framework in Frameworks */ = {isa = PBXBuildFile; fileRef = ACAC3387195EF27F00F7562F /* UIKit.framework */; };
		ACAC338E195EF27F00F7562F /* InfoPlist.strings in Resources */ = {isa = PBXBuildFile; fileRef = ACAC338C195EF27F00F7562F /* InfoPlist.strings */; };
		ACAC3397195EF27F00F7562F /* Main.storyboard in Resources */ = {isa = PBXBuildFile; fileRef = ACAC3395195EF27F00F7562F /* Main.storyboard */; };
		ACAC339F195EF27F00F7562F /* Images.xcassets in Resources */ = {isa = PBXBuildFile; fileRef = ACAC339E195EF27F00F7562F /* Images.xcassets */; };
		ACAC33A6195EF27F00F7562F /* XCTest.framework in Frameworks */ = {isa = PBXBuildFile; fileRef = ACAC33A5195EF27F00F7562F /* XCTest.framework */; };
		ACAC33A7195EF27F00F7562F /* Foundation.framework in Frameworks */ = {isa = PBXBuildFile; fileRef = ACAC3383195EF27F00F7562F /* Foundation.framework */; };
		ACAC33A8195EF27F00F7562F /* UIKit.framework in Frameworks */ = {isa = PBXBuildFile; fileRef = ACAC3387195EF27F00F7562F /* UIKit.framework */; };
		ACAC33B0195EF27F00F7562F /* InfoPlist.strings in Resources */ = {isa = PBXBuildFile; fileRef = ACAC33AE195EF27F00F7562F /* InfoPlist.strings */; };
		ACCBC51C1C0B3934000B0C1D /* RHSCScore.swift in Sources */ = {isa = PBXBuildFile; fileRef = ACCBC51B1C0B3934000B0C1D /* RHSCScore.swift */; };
		ACE70CF11BEE583300999569 /* RHSCLabelTableViewCell.swift in Sources */ = {isa = PBXBuildFile; fileRef = ACE70CF01BEE583300999569 /* RHSCLabelTableViewCell.swift */; };
		ACE70CF31BEE591400999569 /* RHSCButtonTableViewCell.swift in Sources */ = {isa = PBXBuildFile; fileRef = ACE70CF21BEE591400999569 /* RHSCButtonTableViewCell.swift */; };
		ACE70CF51BEE5CDE00999569 /* RHSCTextTableViewCell.swift in Sources */ = {isa = PBXBuildFile; fileRef = ACE70CF41BEE5CDE00999569 /* RHSCTextTableViewCell.swift */; };
/* End PBXBuildFile section */

/* Begin PBXContainerItemProxy section */
		4ADB4C481C1B2580002C344C /* PBXContainerItemProxy */ = {
			isa = PBXContainerItemProxy;
			containerPortal = ACAC3378195EF27F00F7562F /* Project object */;
			proxyType = 1;
			remoteGlobalIDString = ACAC337F195EF27F00F7562F;
			remoteInfo = iRHSCBook;
		};
		ACAC33A9195EF27F00F7562F /* PBXContainerItemProxy */ = {
			isa = PBXContainerItemProxy;
			containerPortal = ACAC3378195EF27F00F7562F /* Project object */;
			proxyType = 1;
			remoteGlobalIDString = ACAC337F195EF27F00F7562F;
			remoteInfo = iRHSCBook;
		};
/* End PBXContainerItemProxy section */

/* Begin PBXFileReference section */
		4A1471D31C0651A400D824D3 /* RHSCHistoryList.swift */ = {isa = PBXFileReference; fileEncoding = 4; lastKnownFileType = sourcecode.swift; path = RHSCHistoryList.swift; sourceTree = "<group>"; };
		4A1471D61C06528C00D824D3 /* RHSCHistoryViewController.swift */ = {isa = PBXFileReference; fileEncoding = 4; lastKnownFileType = sourcecode.swift; path = RHSCHistoryViewController.swift; sourceTree = "<group>"; };
		4A2EDE021BDD7B270012CC4E /* RHSCMemberList.swift */ = {isa = PBXFileReference; fileEncoding = 4; lastKnownFileType = sourcecode.swift; path = RHSCMemberList.swift; sourceTree = "<group>"; };
		4A2EDE041BDD8AC00012CC4E /* RHSCServer.swift */ = {isa = PBXFileReference; fileEncoding = 4; lastKnownFileType = sourcecode.swift; path = RHSCServer.swift; sourceTree = "<group>"; };
		4A2EDE061BDD8DA80012CC4E /* RHSCUser.swift */ = {isa = PBXFileReference; fileEncoding = 4; lastKnownFileType = sourcecode.swift; path = RHSCUser.swift; sourceTree = "<group>"; };
		4A2EDE081BDD8DC00012CC4E /* RHSCGuest.swift */ = {isa = PBXFileReference; fileEncoding = 4; lastKnownFileType = sourcecode.swift; path = RHSCGuest.swift; sourceTree = "<group>"; };
		4A2EDE0A1BDD8DE20012CC4E /* RHSCCourtTime.swift */ = {isa = PBXFileReference; fileEncoding = 4; lastKnownFileType = sourcecode.swift; path = RHSCCourtTime.swift; sourceTree = "<group>"; };
		4A2EDE0C1BDD8E080012CC4E /* RHSCMyBookingsList.swift */ = {isa = PBXFileReference; fileEncoding = 4; lastKnownFileType = sourcecode.swift; path = RHSCMyBookingsList.swift; sourceTree = "<group>"; };
		4A2EDE101BDED34D0012CC4E /* RHSCMembersViewController.swift */ = {isa = PBXFileReference; fileEncoding = 4; lastKnownFileType = sourcecode.swift; path = RHSCMembersViewController.swift; sourceTree = "<group>"; };
		4A2EDE141BDED8DE0012CC4E /* RHSCTabBarController.swift */ = {isa = PBXFileReference; fileEncoding = 4; lastKnownFileType = sourcecode.swift; path = RHSCTabBarController.swift; sourceTree = "<group>"; };
		4A2EDE161BE029020012CC4E /* Reachability.swift */ = {isa = PBXFileReference; fileEncoding = 4; lastKnownFileType = sourcecode.swift; path = Reachability.swift; sourceTree = "<group>"; };
		4A2EDE1A1BE0C9D10012CC4E /* RHSCBookingDetailViewController.swift */ = {isa = PBXFileReference; fileEncoding = 4; lastKnownFileType = sourcecode.swift; path = RHSCBookingDetailViewController.swift; sourceTree = "<group>"; };
		4A2EDE1C1BE2253A0012CC4E /* RHSCBookingsViewController.swift */ = {isa = PBXFileReference; fileEncoding = 4; lastKnownFileType = sourcecode.swift; path = RHSCBookingsViewController.swift; sourceTree = "<group>"; };
		4A2EDE1E1BE25A5C0012CC4E /* RHSCCourtTimeViewController.swift */ = {isa = PBXFileReference; fileEncoding = 4; lastKnownFileType = sourcecode.swift; path = RHSCCourtTimeViewController.swift; sourceTree = "<group>"; };
		4A2EDE201BE25ABE0012CC4E /* RHSCCourtTimeTableViewCell.swift */ = {isa = PBXFileReference; fileEncoding = 4; lastKnownFileType = sourcecode.swift; path = RHSCCourtTimeTableViewCell.swift; sourceTree = "<group>"; };
		4A2EDE241BE421C10012CC4E /* RHSCFindMemberViewController.swift */ = {isa = PBXFileReference; fileEncoding = 4; lastKnownFileType = sourcecode.swift; path = RHSCFindMemberViewController.swift; sourceTree = "<group>"; };
		4A2EDE2A1BE445B50012CC4E /* RHSCAppDelegate.swift */ = {isa = PBXFileReference; fileEncoding = 4; lastKnownFileType = sourcecode.swift; path = RHSCAppDelegate.swift; sourceTree = "<group>"; };
		4A2EDE301BE974F50012CC4E /* RHSCColors.swift */ = {isa = PBXFileReference; fileEncoding = 4; lastKnownFileType = sourcecode.swift; path = RHSCColors.swift; sourceTree = "<group>"; };
		4A2EDE361BED5C1C0012CC4E /* RHSCBookCourtViewController.swift */ = {isa = PBXFileReference; fileEncoding = 4; lastKnownFileType = sourcecode.swift; path = RHSCBookCourtViewController.swift; sourceTree = "<group>"; };
		4A2EDE3A1BED83120012CC4E /* RHSCBookCourtTableViewCell.xib */ = {isa = PBXFileReference; fileEncoding = 4; lastKnownFileType = file.xib; path = RHSCBookCourtTableViewCell.xib; sourceTree = "<group>"; };
		4A2EDE401BEE929F0012CC4E /* RHSCPickerTableViewCell.swift */ = {isa = PBXFileReference; fileEncoding = 4; lastKnownFileType = sourcecode.swift; path = RHSCPickerTableViewCell.swift; sourceTree = "<group>"; };
		4A4C97521F164482006DD53C /* RHSCLogonViewController.swift */ = {isa = PBXFileReference; fileEncoding = 4; lastKnownFileType = sourcecode.swift; path = RHSCLogonViewController.swift; sourceTree = "<group>"; };
		4A850B9419871BB700D29EB7 /* RHSCCourtTimeTableViewCell.xib */ = {isa = PBXFileReference; fileEncoding = 4; lastKnownFileType = file.xib; path = RHSCCourtTimeTableViewCell.xib; sourceTree = "<group>"; };
		4A922D73196C9C5B007A7478 /* Settings.bundle */ = {isa = PBXFileReference; lastKnownFileType = "wrapper.plug-in"; path = Settings.bundle; sourceTree = "<group>"; };
		4AB35CF51BF0150C00CABFF1 /* RHSCUpdateCourtViewController.swift */ = {isa = PBXFileReference; fileEncoding = 4; lastKnownFileType = sourcecode.swift; path = RHSCUpdateCourtViewController.swift; sourceTree = "<group>"; };
		4AB35CF71BF14FB400CABFF1 /* RHSCCancelCourtViewController.swift */ = {isa = PBXFileReference; fileEncoding = 4; lastKnownFileType = sourcecode.swift; path = RHSCCancelCourtViewController.swift; sourceTree = "<group>"; };
		4AB4C5E41BF2143200EBDED9 /* RHSCContactMemberViewController.swift */ = {isa = PBXFileReference; fileEncoding = 4; lastKnownFileType = sourcecode.swift; path = RHSCContactMemberViewController.swift; sourceTree = "<group>"; };
		4AB4C5E81BF215C300EBDED9 /* RHSCContactMemberTableViewCell.xib */ = {isa = PBXFileReference; fileEncoding = 4; lastKnownFileType = file.xib; path = RHSCContactMemberTableViewCell.xib; sourceTree = "<group>"; };
		4AC8C3AE1BD647010077A23F /* RHSCMember.swift */ = {isa = PBXFileReference; fileEncoding = 4; lastKnownFileType = sourcecode.swift; path = RHSCMember.swift; sourceTree = "<group>"; };
		4AD36F27196FF22A0015BB52 /* MessageUI.framework */ = {isa = PBXFileReference; lastKnownFileType = wrapper.framework; name = MessageUI.framework; path = System/Library/Frameworks/MessageUI.framework; sourceTree = SDKROOT; };
		4ADB4C431C1B2580002C344C /* iRHSCBookUITests.xctest */ = {isa = PBXFileReference; explicitFileType = wrapper.cfbundle; includeInIndex = 0; path = iRHSCBookUITests.xctest; sourceTree = BUILT_PRODUCTS_DIR; };
		4ADB4C451C1B2580002C344C /* iRHSCBookUITests.swift */ = {isa = PBXFileReference; lastKnownFileType = sourcecode.swift; path = iRHSCBookUITests.swift; sourceTree = "<group>"; };
		4ADB4C471C1B2580002C344C /* Info.plist */ = {isa = PBXFileReference; lastKnownFileType = text.plist.xml; path = Info.plist; sourceTree = "<group>"; };
		4AF4171C1C074D3500C2CA2E /* RHSCHistoryTableViewCell.xib */ = {isa = PBXFileReference; fileEncoding = 4; lastKnownFileType = file.xib; path = RHSCHistoryTableViewCell.xib; sourceTree = "<group>"; };
		4AF4171E1C074DA700C2CA2E /* RHSCHistoryTableViewCell.swift */ = {isa = PBXFileReference; fileEncoding = 4; lastKnownFileType = sourcecode.swift; path = RHSCHistoryTableViewCell.swift; sourceTree = "<group>"; };
		4AF417201C0782B600C2CA2E /* RHSCReportNoShowViewController.swift */ = {isa = PBXFileReference; fileEncoding = 4; lastKnownFileType = sourcecode.swift; path = RHSCReportNoShowViewController.swift; sourceTree = "<group>"; };
		4AF417221C0786A400C2CA2E /* RHSCReportNoShowTableViewCell.xib */ = {isa = PBXFileReference; fileEncoding = 4; lastKnownFileType = file.xib; path = RHSCReportNoShowTableViewCell.xib; sourceTree = "<group>"; };
		4AF417241C08932F00C2CA2E /* RHSCRecordScoresTableViewCell.xib */ = {isa = PBXFileReference; fileEncoding = 4; lastKnownFileType = file.xib; path = RHSCRecordScoresTableViewCell.xib; sourceTree = "<group>"; };
		4AF417261C089EB900C2CA2E /* RHSCRecordScoresViewController.swift */ = {isa = PBXFileReference; fileEncoding = 4; lastKnownFileType = sourcecode.swift; path = RHSCRecordScoresViewController.swift; sourceTree = "<group>"; };
		4AF4172A1C08A1B400C2CA2E /* RHSCTeamSelectionTableViewCell.swift */ = {isa = PBXFileReference; fileEncoding = 4; lastKnownFileType = sourcecode.swift; path = RHSCTeamSelectionTableViewCell.swift; sourceTree = "<group>"; };
		4AF4172C1C08A28300C2CA2E /* RHSCTeamScoresTableViewCell.swift */ = {isa = PBXFileReference; fileEncoding = 4; lastKnownFileType = sourcecode.swift; path = RHSCTeamScoresTableViewCell.swift; sourceTree = "<group>"; };
		4AF417321C08EF6F00C2CA2E /* RHSCGameScoreTableViewCell.swift */ = {isa = PBXFileReference; fileEncoding = 4; lastKnownFileType = sourcecode.swift; path = RHSCGameScoreTableViewCell.swift; sourceTree = "<group>"; };
		4AF47F851C10DB6F00A4E240 /* RHSCGamesWonTableViewCell.swift */ = {isa = PBXFileReference; fileEncoding = 4; lastKnownFileType = sourcecode.swift; path = RHSCGamesWonTableViewCell.swift; sourceTree = "<group>"; };
		ACAC3380195EF27F00F7562F /* iRHSCBook.app */ = {isa = PBXFileReference; explicitFileType = wrapper.application; includeInIndex = 0; path = iRHSCBook.app; sourceTree = BUILT_PRODUCTS_DIR; };
		ACAC3383195EF27F00F7562F /* Foundation.framework */ = {isa = PBXFileReference; lastKnownFileType = wrapper.framework; name = Foundation.framework; path = System/Library/Frameworks/Foundation.framework; sourceTree = SDKROOT; };
		ACAC3385195EF27F00F7562F /* CoreGraphics.framework */ = {isa = PBXFileReference; lastKnownFileType = wrapper.framework; name = CoreGraphics.framework; path = System/Library/Frameworks/CoreGraphics.framework; sourceTree = SDKROOT; };
		ACAC3387195EF27F00F7562F /* UIKit.framework */ = {isa = PBXFileReference; lastKnownFileType = wrapper.framework; name = UIKit.framework; path = System/Library/Frameworks/UIKit.framework; sourceTree = SDKROOT; };
		ACAC338B195EF27F00F7562F /* iRHSCBook-Info.plist */ = {isa = PBXFileReference; lastKnownFileType = text.plist.xml; path = "iRHSCBook-Info.plist"; sourceTree = "<group>"; };
		ACAC338D195EF27F00F7562F /* en */ = {isa = PBXFileReference; lastKnownFileType = text.plist.strings; name = en; path = en.lproj/InfoPlist.strings; sourceTree = "<group>"; };
		ACAC3391195EF27F00F7562F /* iRHSCBook-Prefix.pch */ = {isa = PBXFileReference; lastKnownFileType = sourcecode.c.h; path = "iRHSCBook-Prefix.pch"; sourceTree = "<group>"; };
		ACAC3396195EF27F00F7562F /* Base */ = {isa = PBXFileReference; lastKnownFileType = file.storyboard; name = Base; path = Base.lproj/Main.storyboard; sourceTree = "<group>"; };
		ACAC339E195EF27F00F7562F /* Images.xcassets */ = {isa = PBXFileReference; lastKnownFileType = folder.assetcatalog; path = Images.xcassets; sourceTree = "<group>"; };
		ACAC33A4195EF27F00F7562F /* iRHSCBookTests.xctest */ = {isa = PBXFileReference; explicitFileType = wrapper.cfbundle; includeInIndex = 0; path = iRHSCBookTests.xctest; sourceTree = BUILT_PRODUCTS_DIR; };
		ACAC33A5195EF27F00F7562F /* XCTest.framework */ = {isa = PBXFileReference; lastKnownFileType = wrapper.framework; name = XCTest.framework; path = Library/Frameworks/XCTest.framework; sourceTree = DEVELOPER_DIR; };
		ACAC33AD195EF27F00F7562F /* iRHSCBookTests-Info.plist */ = {isa = PBXFileReference; lastKnownFileType = text.plist.xml; path = "iRHSCBookTests-Info.plist"; sourceTree = "<group>"; };
		ACAC33AF195EF27F00F7562F /* en */ = {isa = PBXFileReference; lastKnownFileType = text.plist.strings; name = en; path = en.lproj/InfoPlist.strings; sourceTree = "<group>"; };
		ACCBC51B1C0B3934000B0C1D /* RHSCScore.swift */ = {isa = PBXFileReference; fileEncoding = 4; lastKnownFileType = sourcecode.swift; path = RHSCScore.swift; sourceTree = "<group>"; };
		ACE70CF01BEE583300999569 /* RHSCLabelTableViewCell.swift */ = {isa = PBXFileReference; fileEncoding = 4; lastKnownFileType = sourcecode.swift; path = RHSCLabelTableViewCell.swift; sourceTree = "<group>"; };
		ACE70CF21BEE591400999569 /* RHSCButtonTableViewCell.swift */ = {isa = PBXFileReference; fileEncoding = 4; lastKnownFileType = sourcecode.swift; path = RHSCButtonTableViewCell.swift; sourceTree = "<group>"; };
		ACE70CF41BEE5CDE00999569 /* RHSCTextTableViewCell.swift */ = {isa = PBXFileReference; fileEncoding = 4; lastKnownFileType = sourcecode.swift; path = RHSCTextTableViewCell.swift; sourceTree = "<group>"; };
/* End PBXFileReference section */

/* Begin PBXFrameworksBuildPhase section */
		4ADB4C401C1B2580002C344C /* Frameworks */ = {
			isa = PBXFrameworksBuildPhase;
			buildActionMask = 2147483647;
			files = (
			);
			runOnlyForDeploymentPostprocessing = 0;
		};
		ACAC337D195EF27F00F7562F /* Frameworks */ = {
			isa = PBXFrameworksBuildPhase;
			buildActionMask = 2147483647;
			files = (
				4AD36F28196FF22A0015BB52 /* MessageUI.framework in Frameworks */,
				ACAC3386195EF27F00F7562F /* CoreGraphics.framework in Frameworks */,
				ACAC3388195EF27F00F7562F /* UIKit.framework in Frameworks */,
				ACAC3384195EF27F00F7562F /* Foundation.framework in Frameworks */,
			);
			runOnlyForDeploymentPostprocessing = 0;
		};
		ACAC33A1195EF27F00F7562F /* Frameworks */ = {
			isa = PBXFrameworksBuildPhase;
			buildActionMask = 2147483647;
			files = (
				ACAC33A6195EF27F00F7562F /* XCTest.framework in Frameworks */,
				ACAC33A8195EF27F00F7562F /* UIKit.framework in Frameworks */,
				ACAC33A7195EF27F00F7562F /* Foundation.framework in Frameworks */,
			);
			runOnlyForDeploymentPostprocessing = 0;
		};
/* End PBXFrameworksBuildPhase section */

/* Begin PBXGroup section */
		4A1471D51C06526400D824D3 /* History */ = {
			isa = PBXGroup;
			children = (
				4A1471D61C06528C00D824D3 /* RHSCHistoryViewController.swift */,
				4AF4171C1C074D3500C2CA2E /* RHSCHistoryTableViewCell.xib */,
				4AF4171E1C074DA700C2CA2E /* RHSCHistoryTableViewCell.swift */,
				4AF417201C0782B600C2CA2E /* RHSCReportNoShowViewController.swift */,
				4AF417221C0786A400C2CA2E /* RHSCReportNoShowTableViewCell.xib */,
				4AF417241C08932F00C2CA2E /* RHSCRecordScoresTableViewCell.xib */,
				4AF417261C089EB900C2CA2E /* RHSCRecordScoresViewController.swift */,
				4AF4172C1C08A28300C2CA2E /* RHSCTeamScoresTableViewCell.swift */,
				4AF4172A1C08A1B400C2CA2E /* RHSCTeamSelectionTableViewCell.swift */,
				4AF417321C08EF6F00C2CA2E /* RHSCGameScoreTableViewCell.swift */,
				4AF47F851C10DB6F00A4E240 /* RHSCGamesWonTableViewCell.swift */,
			);
			name = History;
			sourceTree = "<group>";
		};
		4AD36F22196FE5310015BB52 /* Model */ = {
			isa = PBXGroup;
			children = (
				4AC8C3AE1BD647010077A23F /* RHSCMember.swift */,
				4A2EDE021BDD7B270012CC4E /* RHSCMemberList.swift */,
				4A2EDE041BDD8AC00012CC4E /* RHSCServer.swift */,
				4A2EDE061BDD8DA80012CC4E /* RHSCUser.swift */,
				4A2EDE081BDD8DC00012CC4E /* RHSCGuest.swift */,
				4A2EDE0A1BDD8DE20012CC4E /* RHSCCourtTime.swift */,
				4A2EDE0C1BDD8E080012CC4E /* RHSCMyBookingsList.swift */,
				4A2EDE301BE974F50012CC4E /* RHSCColors.swift */,
				4A1471D31C0651A400D824D3 /* RHSCHistoryList.swift */,
				ACCBC51B1C0B3934000B0C1D /* RHSCScore.swift */,
			);
			name = Model;
			sourceTree = "<group>";
		};
		4AD36F23196FE5710015BB52 /* View */ = {
			isa = PBXGroup;
			children = (
				4A1471D51C06526400D824D3 /* History */,
				4AD36F26196FE5A30015BB52 /* Members */,
				4AD36F25196FE59B0015BB52 /* Bookings */,
				4AD36F24196FE5870015BB52 /* Courts */,
				4A2EDE141BDED8DE0012CC4E /* RHSCTabBarController.swift */,
				4A4C97521F164482006DD53C /* RHSCLogonViewController.swift */,
			);
			name = View;
			sourceTree = "<group>";
		};
		4AD36F24196FE5870015BB52 /* Courts */ = {
			isa = PBXGroup;
			children = (
				4A850B9419871BB700D29EB7 /* RHSCCourtTimeTableViewCell.xib */,
				4A2EDE1E1BE25A5C0012CC4E /* RHSCCourtTimeViewController.swift */,
				4A2EDE201BE25ABE0012CC4E /* RHSCCourtTimeTableViewCell.swift */,
				4A2EDE241BE421C10012CC4E /* RHSCFindMemberViewController.swift */,
				4A2EDE361BED5C1C0012CC4E /* RHSCBookCourtViewController.swift */,
				4A2EDE3A1BED83120012CC4E /* RHSCBookCourtTableViewCell.xib */,
				ACE70CF01BEE583300999569 /* RHSCLabelTableViewCell.swift */,
				ACE70CF21BEE591400999569 /* RHSCButtonTableViewCell.swift */,
				ACE70CF41BEE5CDE00999569 /* RHSCTextTableViewCell.swift */,
				4A2EDE401BEE929F0012CC4E /* RHSCPickerTableViewCell.swift */,
				4AB35CF51BF0150C00CABFF1 /* RHSCUpdateCourtViewController.swift */,
				4AB35CF71BF14FB400CABFF1 /* RHSCCancelCourtViewController.swift */,
			);
			name = Courts;
			sourceTree = "<group>";
		};
		4AD36F25196FE59B0015BB52 /* Bookings */ = {
			isa = PBXGroup;
			children = (
				4A2EDE1A1BE0C9D10012CC4E /* RHSCBookingDetailViewController.swift */,
				4A2EDE1C1BE2253A0012CC4E /* RHSCBookingsViewController.swift */,
			);
			name = Bookings;
			sourceTree = "<group>";
		};
		4AD36F26196FE5A30015BB52 /* Members */ = {
			isa = PBXGroup;
			children = (
				4A2EDE101BDED34D0012CC4E /* RHSCMembersViewController.swift */,
				4AB4C5E41BF2143200EBDED9 /* RHSCContactMemberViewController.swift */,
				4AB4C5E81BF215C300EBDED9 /* RHSCContactMemberTableViewCell.xib */,
			);
			name = Members;
			sourceTree = "<group>";
		};
		4ADB4C441C1B2580002C344C /* iRHSCBookUITests */ = {
			isa = PBXGroup;
			children = (
				4ADB4C451C1B2580002C344C /* iRHSCBookUITests.swift */,
				4ADB4C471C1B2580002C344C /* Info.plist */,
			);
			path = iRHSCBookUITests;
			sourceTree = "<group>";
		};
		ACAC3377195EF27F00F7562F = {
			isa = PBXGroup;
			children = (
				4A922D73196C9C5B007A7478 /* Settings.bundle */,
				ACAC3389195EF27F00F7562F /* iRHSCBook */,
				ACAC33AB195EF27F00F7562F /* iRHSCBookTests */,
				4ADB4C441C1B2580002C344C /* iRHSCBookUITests */,
				ACAC3382195EF27F00F7562F /* Frameworks */,
				ACAC3381195EF27F00F7562F /* Products */,
			);
			sourceTree = "<group>";
		};
		ACAC3381195EF27F00F7562F /* Products */ = {
			isa = PBXGroup;
			children = (
				ACAC3380195EF27F00F7562F /* iRHSCBook.app */,
				ACAC33A4195EF27F00F7562F /* iRHSCBookTests.xctest */,
				4ADB4C431C1B2580002C344C /* iRHSCBookUITests.xctest */,
			);
			name = Products;
			sourceTree = "<group>";
		};
		ACAC3382195EF27F00F7562F /* Frameworks */ = {
			isa = PBXGroup;
			children = (
				4AD36F27196FF22A0015BB52 /* MessageUI.framework */,
				ACAC3383195EF27F00F7562F /* Foundation.framework */,
				ACAC3385195EF27F00F7562F /* CoreGraphics.framework */,
				ACAC3387195EF27F00F7562F /* UIKit.framework */,
				ACAC33A5195EF27F00F7562F /* XCTest.framework */,
			);
			name = Frameworks;
			sourceTree = "<group>";
		};
		ACAC3389195EF27F00F7562F /* iRHSCBook */ = {
			isa = PBXGroup;
			children = (
				ACAC3395195EF27F00F7562F /* Main.storyboard */,
				ACAC339E195EF27F00F7562F /* Images.xcassets */,
				4AD36F22196FE5310015BB52 /* Model */,
				4AD36F23196FE5710015BB52 /* View */,
				ACAC338A195EF27F00F7562F /* Supporting Files */,
				4A2EDE161BE029020012CC4E /* Reachability.swift */,
				4A2EDE2A1BE445B50012CC4E /* RHSCAppDelegate.swift */,
			);
			path = iRHSCBook;
			sourceTree = "<group>";
		};
		ACAC338A195EF27F00F7562F /* Supporting Files */ = {
			isa = PBXGroup;
			children = (
				ACAC338B195EF27F00F7562F /* iRHSCBook-Info.plist */,
				ACAC338C195EF27F00F7562F /* InfoPlist.strings */,
				ACAC3391195EF27F00F7562F /* iRHSCBook-Prefix.pch */,
			);
			name = "Supporting Files";
			sourceTree = "<group>";
		};
		ACAC33AB195EF27F00F7562F /* iRHSCBookTests */ = {
			isa = PBXGroup;
			children = (
				ACAC33AC195EF27F00F7562F /* Supporting Files */,
			);
			path = iRHSCBookTests;
			sourceTree = "<group>";
		};
		ACAC33AC195EF27F00F7562F /* Supporting Files */ = {
			isa = PBXGroup;
			children = (
				ACAC33AD195EF27F00F7562F /* iRHSCBookTests-Info.plist */,
				ACAC33AE195EF27F00F7562F /* InfoPlist.strings */,
			);
			name = "Supporting Files";
			sourceTree = "<group>";
		};
/* End PBXGroup section */

/* Begin PBXNativeTarget section */
		4ADB4C421C1B2580002C344C /* iRHSCBookUITests */ = {
			isa = PBXNativeTarget;
			buildConfigurationList = 4ADB4C4A1C1B2580002C344C /* Build configuration list for PBXNativeTarget "iRHSCBookUITests" */;
			buildPhases = (
				4ADB4C3F1C1B2580002C344C /* Sources */,
				4ADB4C401C1B2580002C344C /* Frameworks */,
				4ADB4C411C1B2580002C344C /* Resources */,
			);
			buildRules = (
			);
			dependencies = (
				4ADB4C491C1B2580002C344C /* PBXTargetDependency */,
			);
			name = iRHSCBookUITests;
			productName = iRHSCBookUITests;
			productReference = 4ADB4C431C1B2580002C344C /* iRHSCBookUITests.xctest */;
			productType = "com.apple.product-type.bundle.ui-testing";
		};
		ACAC337F195EF27F00F7562F /* iRHSCBook */ = {
			isa = PBXNativeTarget;
			buildConfigurationList = ACAC33B5195EF27F00F7562F /* Build configuration list for PBXNativeTarget "iRHSCBook" */;
			buildPhases = (
				ACAC337C195EF27F00F7562F /* Sources */,
				ACAC337D195EF27F00F7562F /* Frameworks */,
				ACAC337E195EF27F00F7562F /* Resources */,
			);
			buildRules = (
			);
			dependencies = (
			);
			name = iRHSCBook;
			productName = iRHSCBook;
			productReference = ACAC3380195EF27F00F7562F /* iRHSCBook.app */;
			productType = "com.apple.product-type.application";
		};
		ACAC33A3195EF27F00F7562F /* iRHSCBookTests */ = {
			isa = PBXNativeTarget;
			buildConfigurationList = ACAC33B8195EF27F00F7562F /* Build configuration list for PBXNativeTarget "iRHSCBookTests" */;
			buildPhases = (
				ACAC33A0195EF27F00F7562F /* Sources */,
				ACAC33A1195EF27F00F7562F /* Frameworks */,
				ACAC33A2195EF27F00F7562F /* Resources */,
			);
			buildRules = (
			);
			dependencies = (
				ACAC33AA195EF27F00F7562F /* PBXTargetDependency */,
			);
			name = iRHSCBookTests;
			productName = iRHSCBookTests;
			productReference = ACAC33A4195EF27F00F7562F /* iRHSCBookTests.xctest */;
			productType = "com.apple.product-type.bundle.unit-test";
		};
/* End PBXNativeTarget section */

/* Begin PBXProject section */
		ACAC3378195EF27F00F7562F /* Project object */ = {
			isa = PBXProject;
			attributes = {
				CLASSPREFIX = RHSC;
				LastSwiftUpdateCheck = 0720;
				LastUpgradeCheck = 0810;
				ORGANIZATIONNAME = "Bruce Hunter";
				TargetAttributes = {
					4ADB4C421C1B2580002C344C = {
						CreatedOnToolsVersion = 7.2;
						LastSwiftMigration = 0800;
						TestTargetID = ACAC337F195EF27F00F7562F;
					};
					ACAC337F195EF27F00F7562F = {
						DevelopmentTeam = FLLCB46B75;
						LastSwiftMigration = 0800;
					};
					ACAC33A3195EF27F00F7562F = {
						LastSwiftMigration = 0800;
						TestTargetID = ACAC337F195EF27F00F7562F;
					};
				};
			};
			buildConfigurationList = ACAC337B195EF27F00F7562F /* Build configuration list for PBXProject "iRHSCBook" */;
			compatibilityVersion = "Xcode 3.2";
			developmentRegion = English;
			hasScannedForEncodings = 0;
			knownRegions = (
				en,
				Base,
			);
			mainGroup = ACAC3377195EF27F00F7562F;
			productRefGroup = ACAC3381195EF27F00F7562F /* Products */;
			projectDirPath = "";
			projectRoot = "";
			targets = (
				ACAC337F195EF27F00F7562F /* iRHSCBook */,
				ACAC33A3195EF27F00F7562F /* iRHSCBookTests */,
				4ADB4C421C1B2580002C344C /* iRHSCBookUITests */,
			);
		};
/* End PBXProject section */

/* Begin PBXResourcesBuildPhase section */
		4ADB4C411C1B2580002C344C /* Resources */ = {
			isa = PBXResourcesBuildPhase;
			buildActionMask = 2147483647;
			files = (
			);
			runOnlyForDeploymentPostprocessing = 0;
		};
		ACAC337E195EF27F00F7562F /* Resources */ = {
			isa = PBXResourcesBuildPhase;
			buildActionMask = 2147483647;
			files = (
				4A850B9619871BB700D29EB7 /* RHSCCourtTimeTableViewCell.xib in Resources */,
				4A922D74196C9C5B007A7478 /* Settings.bundle in Resources */,
				4AF417231C0786A400C2CA2E /* RHSCReportNoShowTableViewCell.xib in Resources */,
				4AF4171D1C074D3500C2CA2E /* RHSCHistoryTableViewCell.xib in Resources */,
				ACAC339F195EF27F00F7562F /* Images.xcassets in Resources */,
				4AF417251C08932F00C2CA2E /* RHSCRecordScoresTableViewCell.xib in Resources */,
				4AB4C5E91BF215C300EBDED9 /* RHSCContactMemberTableViewCell.xib in Resources */,
				ACAC338E195EF27F00F7562F /* InfoPlist.strings in Resources */,
				4A2EDE3B1BED83120012CC4E /* RHSCBookCourtTableViewCell.xib in Resources */,
				ACAC3397195EF27F00F7562F /* Main.storyboard in Resources */,
			);
			runOnlyForDeploymentPostprocessing = 0;
		};
		ACAC33A2195EF27F00F7562F /* Resources */ = {
			isa = PBXResourcesBuildPhase;
			buildActionMask = 2147483647;
			files = (
				ACAC33B0195EF27F00F7562F /* InfoPlist.strings in Resources */,
			);
			runOnlyForDeploymentPostprocessing = 0;
		};
/* End PBXResourcesBuildPhase section */

/* Begin PBXSourcesBuildPhase section */
		4ADB4C3F1C1B2580002C344C /* Sources */ = {
			isa = PBXSourcesBuildPhase;
			buildActionMask = 2147483647;
			files = (
				4ADB4C461C1B2580002C344C /* iRHSCBookUITests.swift in Sources */,
			);
			runOnlyForDeploymentPostprocessing = 0;
		};
		ACAC337C195EF27F00F7562F /* Sources */ = {
			isa = PBXSourcesBuildPhase;
			buildActionMask = 2147483647;
			files = (
				4AB35CF81BF14FB400CABFF1 /* RHSCCancelCourtViewController.swift in Sources */,
				4A2EDE251BE421C10012CC4E /* RHSCFindMemberViewController.swift in Sources */,
				4AF417271C089EB900C2CA2E /* RHSCRecordScoresViewController.swift in Sources */,
				4A2EDE211BE25ABE0012CC4E /* RHSCCourtTimeTableViewCell.swift in Sources */,
				4AB4C5E51BF2143200EBDED9 /* RHSCContactMemberViewController.swift in Sources */,
				4A2EDE1F1BE25A5C0012CC4E /* RHSCCourtTimeViewController.swift in Sources */,
				4A2EDE091BDD8DC00012CC4E /* RHSCGuest.swift in Sources */,
				4A1471D41C0651A400D824D3 /* RHSCHistoryList.swift in Sources */,
				4AF47F861C10DB6F00A4E240 /* RHSCGamesWonTableViewCell.swift in Sources */,
				4A2EDE0B1BDD8DE20012CC4E /* RHSCCourtTime.swift in Sources */,
				4A2EDE2B1BE445B50012CC4E /* RHSCAppDelegate.swift in Sources */,
				4A2EDE171BE029020012CC4E /* Reachability.swift in Sources */,
				4AC8C3AF1BD647010077A23F /* RHSCMember.swift in Sources */,
				4A2EDE051BDD8AC00012CC4E /* RHSCServer.swift in Sources */,
				4A4C97531F164482006DD53C /* RHSCLogonViewController.swift in Sources */,
				4A2EDE411BEE929F0012CC4E /* RHSCPickerTableViewCell.swift in Sources */,
				ACCBC51C1C0B3934000B0C1D /* RHSCScore.swift in Sources */,
				ACE70CF11BEE583300999569 /* RHSCLabelTableViewCell.swift in Sources */,
				4AF4172D1C08A28300C2CA2E /* RHSCTeamScoresTableViewCell.swift in Sources */,
				4AF4172B1C08A1B400C2CA2E /* RHSCTeamSelectionTableViewCell.swift in Sources */,
				4A2EDE1D1BE2253A0012CC4E /* RHSCBookingsViewController.swift in Sources */,
				4A2EDE0D1BDD8E080012CC4E /* RHSCMyBookingsList.swift in Sources */,
				4AF417331C08EF6F00C2CA2E /* RHSCGameScoreTableViewCell.swift in Sources */,
				4A2EDE311BE974F50012CC4E /* RHSCColors.swift in Sources */,
				4A2EDE071BDD8DA80012CC4E /* RHSCUser.swift in Sources */,
				4AF4171F1C074DA700C2CA2E /* RHSCHistoryTableViewCell.swift in Sources */,
				4A2EDE1B1BE0C9D10012CC4E /* RHSCBookingDetailViewController.swift in Sources */,
				4A2EDE371BED5C1C0012CC4E /* RHSCBookCourtViewController.swift in Sources */,
				4AB35CF61BF0150C00CABFF1 /* RHSCUpdateCourtViewController.swift in Sources */,
				4AF417211C0782B600C2CA2E /* RHSCReportNoShowViewController.swift in Sources */,
				4A1471D71C06528C00D824D3 /* RHSCHistoryViewController.swift in Sources */,
				ACE70CF51BEE5CDE00999569 /* RHSCTextTableViewCell.swift in Sources */,
				4A2EDE151BDED8DE0012CC4E /* RHSCTabBarController.swift in Sources */,
				4A2EDE111BDED34D0012CC4E /* RHSCMembersViewController.swift in Sources */,
				4A2EDE031BDD7B270012CC4E /* RHSCMemberList.swift in Sources */,
				ACE70CF31BEE591400999569 /* RHSCButtonTableViewCell.swift in Sources */,
			);
			runOnlyForDeploymentPostprocessing = 0;
		};
		ACAC33A0195EF27F00F7562F /* Sources */ = {
			isa = PBXSourcesBuildPhase;
			buildActionMask = 2147483647;
			files = (
			);
			runOnlyForDeploymentPostprocessing = 0;
		};
/* End PBXSourcesBuildPhase section */

/* Begin PBXTargetDependency section */
		4ADB4C491C1B2580002C344C /* PBXTargetDependency */ = {
			isa = PBXTargetDependency;
			target = ACAC337F195EF27F00F7562F /* iRHSCBook */;
			targetProxy = 4ADB4C481C1B2580002C344C /* PBXContainerItemProxy */;
		};
		ACAC33AA195EF27F00F7562F /* PBXTargetDependency */ = {
			isa = PBXTargetDependency;
			target = ACAC337F195EF27F00F7562F /* iRHSCBook */;
			targetProxy = ACAC33A9195EF27F00F7562F /* PBXContainerItemProxy */;
		};
/* End PBXTargetDependency section */

/* Begin PBXVariantGroup section */
		ACAC338C195EF27F00F7562F /* InfoPlist.strings */ = {
			isa = PBXVariantGroup;
			children = (
				ACAC338D195EF27F00F7562F /* en */,
			);
			name = InfoPlist.strings;
			sourceTree = "<group>";
		};
		ACAC3395195EF27F00F7562F /* Main.storyboard */ = {
			isa = PBXVariantGroup;
			children = (
				ACAC3396195EF27F00F7562F /* Base */,
			);
			name = Main.storyboard;
			sourceTree = "<group>";
		};
		ACAC33AE195EF27F00F7562F /* InfoPlist.strings */ = {
			isa = PBXVariantGroup;
			children = (
				ACAC33AF195EF27F00F7562F /* en */,
			);
			name = InfoPlist.strings;
			sourceTree = "<group>";
		};
/* End PBXVariantGroup section */

/* Begin XCBuildConfiguration section */
		4ADB4C4B1C1B2580002C344C /* Debug */ = {
			isa = XCBuildConfiguration;
			buildSettings = {
				CLANG_WARN_UNREACHABLE_CODE = YES;
				DEBUG_INFORMATION_FORMAT = dwarf;
				ENABLE_STRICT_OBJC_MSGSEND = YES;
				GCC_NO_COMMON_BLOCKS = YES;
				INFOPLIST_FILE = iRHSCBookUITests/Info.plist;
				IPHONEOS_DEPLOYMENT_TARGET = 9.2;
				LD_RUNPATH_SEARCH_PATHS = "$(inherited) @executable_path/Frameworks @loader_path/Frameworks";
				MTL_ENABLE_DEBUG_INFO = YES;
				PRODUCT_BUNDLE_IDENTIFIER = com.rhsquashclub.iRHSCBookUITests;
				PRODUCT_NAME = "$(TARGET_NAME)";
				SWIFT_OPTIMIZATION_LEVEL = "-Onone";
				SWIFT_VERSION = 3.0;
				TEST_TARGET_NAME = iRHSCBook;
				USES_XCTRUNNER = YES;
			};
			name = Debug;
		};
		4ADB4C4C1C1B2580002C344C /* Release */ = {
			isa = XCBuildConfiguration;
			buildSettings = {
				CLANG_WARN_UNREACHABLE_CODE = YES;
				COPY_PHASE_STRIP = NO;
				DEBUG_INFORMATION_FORMAT = "dwarf-with-dsym";
				ENABLE_STRICT_OBJC_MSGSEND = YES;
				GCC_NO_COMMON_BLOCKS = YES;
				INFOPLIST_FILE = iRHSCBookUITests/Info.plist;
				IPHONEOS_DEPLOYMENT_TARGET = 9.2;
				LD_RUNPATH_SEARCH_PATHS = "$(inherited) @executable_path/Frameworks @loader_path/Frameworks";
				MTL_ENABLE_DEBUG_INFO = NO;
				PRODUCT_BUNDLE_IDENTIFIER = com.rhsquashclub.iRHSCBookUITests;
				PRODUCT_NAME = "$(TARGET_NAME)";
				SWIFT_VERSION = 3.0;
				TEST_TARGET_NAME = iRHSCBook;
				USES_XCTRUNNER = YES;
			};
			name = Release;
		};
		ACAC33B3195EF27F00F7562F /* Debug */ = {
			isa = XCBuildConfiguration;
			buildSettings = {
				ALWAYS_SEARCH_USER_PATHS = NO;
				CLANG_CXX_LANGUAGE_STANDARD = "gnu++0x";
				CLANG_CXX_LIBRARY = "libc++";
				CLANG_ENABLE_MODULES = YES;
				CLANG_ENABLE_OBJC_ARC = YES;
				CLANG_WARN_BOOL_CONVERSION = YES;
				CLANG_WARN_CONSTANT_CONVERSION = YES;
				CLANG_WARN_DIRECT_OBJC_ISA_USAGE = YES_ERROR;
				CLANG_WARN_EMPTY_BODY = YES;
				CLANG_WARN_ENUM_CONVERSION = YES;
				CLANG_WARN_INFINITE_RECURSION = YES;
				CLANG_WARN_INT_CONVERSION = YES;
				CLANG_WARN_OBJC_ROOT_CLASS = YES_ERROR;
				CLANG_WARN_SUSPICIOUS_MOVE = YES;
				CLANG_WARN_UNREACHABLE_CODE = YES;
				CLANG_WARN__DUPLICATE_METHOD_MATCH = YES;
				"CODE_SIGN_IDENTITY[sdk=iphoneos*]" = "iPhone Developer";
				COPY_PHASE_STRIP = NO;
				ENABLE_STRICT_OBJC_MSGSEND = YES;
				ENABLE_TESTABILITY = YES;
				GCC_C_LANGUAGE_STANDARD = gnu99;
				GCC_DYNAMIC_NO_PIC = NO;
				GCC_NO_COMMON_BLOCKS = YES;
				GCC_OPTIMIZATION_LEVEL = 0;
				GCC_PREPROCESSOR_DEFINITIONS = (
					"DEBUG=1",
					"$(inherited)",
				);
				GCC_SYMBOLS_PRIVATE_EXTERN = NO;
				GCC_WARN_64_TO_32_BIT_CONVERSION = YES;
				GCC_WARN_ABOUT_RETURN_TYPE = YES_ERROR;
				GCC_WARN_UNDECLARED_SELECTOR = YES;
				GCC_WARN_UNINITIALIZED_AUTOS = YES_AGGRESSIVE;
				GCC_WARN_UNUSED_FUNCTION = YES;
				GCC_WARN_UNUSED_VARIABLE = YES;
				IPHONEOS_DEPLOYMENT_TARGET = 10.1;
				ONLY_ACTIVE_ARCH = YES;
				SDKROOT = iphoneos;
			};
			name = Debug;
		};
		ACAC33B4195EF27F00F7562F /* Release */ = {
			isa = XCBuildConfiguration;
			buildSettings = {
				ALWAYS_SEARCH_USER_PATHS = NO;
				CLANG_CXX_LANGUAGE_STANDARD = "gnu++0x";
				CLANG_CXX_LIBRARY = "libc++";
				CLANG_ENABLE_MODULES = YES;
				CLANG_ENABLE_OBJC_ARC = YES;
				CLANG_WARN_BOOL_CONVERSION = YES;
				CLANG_WARN_CONSTANT_CONVERSION = YES;
				CLANG_WARN_DIRECT_OBJC_ISA_USAGE = YES_ERROR;
				CLANG_WARN_EMPTY_BODY = YES;
				CLANG_WARN_ENUM_CONVERSION = YES;
				CLANG_WARN_INFINITE_RECURSION = YES;
				CLANG_WARN_INT_CONVERSION = YES;
				CLANG_WARN_OBJC_ROOT_CLASS = YES_ERROR;
				CLANG_WARN_SUSPICIOUS_MOVE = YES;
				CLANG_WARN_UNREACHABLE_CODE = YES;
				CLANG_WARN__DUPLICATE_METHOD_MATCH = YES;
				"CODE_SIGN_IDENTITY[sdk=iphoneos*]" = "iPhone Developer";
				COPY_PHASE_STRIP = YES;
				ENABLE_NS_ASSERTIONS = NO;
				ENABLE_STRICT_OBJC_MSGSEND = YES;
				GCC_C_LANGUAGE_STANDARD = gnu99;
				GCC_NO_COMMON_BLOCKS = YES;
				GCC_WARN_64_TO_32_BIT_CONVERSION = YES;
				GCC_WARN_ABOUT_RETURN_TYPE = YES_ERROR;
				GCC_WARN_UNDECLARED_SELECTOR = YES;
				GCC_WARN_UNINITIALIZED_AUTOS = YES_AGGRESSIVE;
				GCC_WARN_UNUSED_FUNCTION = YES;
				GCC_WARN_UNUSED_VARIABLE = YES;
				IPHONEOS_DEPLOYMENT_TARGET = 10.1;
				ONLY_ACTIVE_ARCH = NO;
				SDKROOT = iphoneos;
				SWIFT_OPTIMIZATION_LEVEL = "-Owholemodule";
				VALIDATE_PRODUCT = YES;
			};
			name = Release;
		};
		ACAC33B6195EF27F00F7562F /* Debug */ = {
			isa = XCBuildConfiguration;
			buildSettings = {
				ASSETCATALOG_COMPILER_APPICON_NAME = AppIcon;
				ASSETCATALOG_COMPILER_LAUNCHIMAGE_NAME = LaunchImage;
				CLANG_ENABLE_MODULES = YES;
				"CODE_SIGN_IDENTITY[sdk=iphoneos*]" = "iPhone Distribution";
				DEVELOPMENT_TEAM = FLLCB46B75;
				ENABLE_TESTABILITY = YES;
				GCC_PRECOMPILE_PREFIX_HEADER = YES;
				GCC_PREFIX_HEADER = "iRHSCBook/iRHSCBook-Prefix.pch";
				INFOPLIST_FILE = "iRHSCBook/iRHSCBook-Info.plist";
				IPHONEOS_DEPLOYMENT_TARGET = 9.0;
				LD_RUNPATH_SEARCH_PATHS = "$(inherited) @executable_path/Frameworks";
				PRODUCT_BUNDLE_IDENTIFIER = com.rhsquashclub.iRHSCBook;
				PRODUCT_NAME = "$(TARGET_NAME)";
				PROVISIONING_PROFILE = "9ae4cb20-cc36-4bdc-972f-0e8bc1abeeb0";
				PROVISIONING_PROFILE_SPECIFIER = "RHSC Court Booking";
				SWIFT_OBJC_BRIDGING_HEADER = "iRHSCBook/iRHSCBook-Bridging-Header.h";
				SWIFT_OPTIMIZATION_LEVEL = "-Onone";
				SWIFT_VERSION = 3.0;
				TARGETED_DEVICE_FAMILY = 1;
				"TEST_HOST[sdk=iphonesimulator9.2]" = "";
				WRAPPER_EXTENSION = app;
			};
			name = Debug;
		};
		ACAC33B7195EF27F00F7562F /* Release */ = {
			isa = XCBuildConfiguration;
			buildSettings = {
				ASSETCATALOG_COMPILER_APPICON_NAME = AppIcon;
				ASSETCATALOG_COMPILER_LAUNCHIMAGE_NAME = LaunchImage;
				CLANG_ENABLE_MODULES = YES;
				CODE_SIGN_IDENTITY = "iPhone Distribution: Bruce Hunter (FLLCB46B75)";
				DEVELOPMENT_TEAM = FLLCB46B75;
				ENABLE_TESTABILITY = YES;
				GCC_PRECOMPILE_PREFIX_HEADER = YES;
				GCC_PREFIX_HEADER = "iRHSCBook/iRHSCBook-Prefix.pch";
				INFOPLIST_FILE = "iRHSCBook/iRHSCBook-Info.plist";
				IPHONEOS_DEPLOYMENT_TARGET = 9.0;
				LD_RUNPATH_SEARCH_PATHS = "$(inherited) @executable_path/Frameworks";
				PRODUCT_BUNDLE_IDENTIFIER = com.rhsquashclub.iRHSCBook;
				PRODUCT_NAME = "$(TARGET_NAME)";
				PROVISIONING_PROFILE = "9ae4cb20-cc36-4bdc-972f-0e8bc1abeeb0";
				PROVISIONING_PROFILE_SPECIFIER = "RHSC Court Booking";
				SWIFT_OBJC_BRIDGING_HEADER = "iRHSCBook/iRHSCBook-Bridging-Header.h";
				SWIFT_VERSION = 3.0;
				TARGETED_DEVICE_FAMILY = 1;
				"TEST_HOST[sdk=iphonesimulator9.2]" = "";
				WRAPPER_EXTENSION = app;
			};
			name = Release;
		};
		ACAC33B9195EF27F00F7562F /* Debug */ = {
			isa = XCBuildConfiguration;
			buildSettings = {
				BUNDLE_LOADER = "$(BUILT_PRODUCTS_DIR)/iRHSCBook.app/iRHSCBook";
				CLANG_ENABLE_MODULES = YES;
				GCC_PRECOMPILE_PREFIX_HEADER = YES;
				GCC_PREFIX_HEADER = "iRHSCBook/iRHSCBook-Prefix.pch";
				GCC_PREPROCESSOR_DEFINITIONS = (
					"DEBUG=1",
					"$(inherited)",
				);
				INFOPLIST_FILE = "iRHSCBookTests/iRHSCBookTests-Info.plist";
				LD_RUNPATH_SEARCH_PATHS = "$(inherited) @executable_path/Frameworks @loader_path/Frameworks";
				PRODUCT_BUNDLE_IDENTIFIER = "com.rhsquashclub.${PRODUCT_NAME:rfc1034identifier}";
				PRODUCT_NAME = "$(TARGET_NAME)";
				SWIFT_OPTIMIZATION_LEVEL = "-Onone";
				SWIFT_VERSION = 3.0;
				TEST_HOST = "$(BUNDLE_LOADER)";
				WRAPPER_EXTENSION = xctest;
			};
			name = Debug;
		};
		ACAC33BA195EF27F00F7562F /* Release */ = {
			isa = XCBuildConfiguration;
			buildSettings = {
				BUNDLE_LOADER = "$(BUILT_PRODUCTS_DIR)/iRHSCBook.app/iRHSCBook";
				CLANG_ENABLE_MODULES = YES;
				GCC_PRECOMPILE_PREFIX_HEADER = YES;
				GCC_PREFIX_HEADER = "iRHSCBook/iRHSCBook-Prefix.pch";
				INFOPLIST_FILE = "iRHSCBookTests/iRHSCBookTests-Info.plist";
				LD_RUNPATH_SEARCH_PATHS = "$(inherited) @executable_path/Frameworks @loader_path/Frameworks";
				PRODUCT_BUNDLE_IDENTIFIER = "com.rhsquashclub.${PRODUCT_NAME:rfc1034identifier}";
				PRODUCT_NAME = "$(TARGET_NAME)";
				SWIFT_VERSION = 3.0;
				TEST_HOST = "$(BUNDLE_LOADER)";
				WRAPPER_EXTENSION = xctest;
			};
			name = Release;
		};
/* End XCBuildConfiguration section */

/* Begin XCConfigurationList section */
		4ADB4C4A1C1B2580002C344C /* Build configuration list for PBXNativeTarget "iRHSCBookUITests" */ = {
			isa = XCConfigurationList;
			buildConfigurations = (
				4ADB4C4B1C1B2580002C344C /* Debug */,
				4ADB4C4C1C1B2580002C344C /* Release */,
			);
			defaultConfigurationIsVisible = 0;
			defaultConfigurationName = Release;
		};
		ACAC337B195EF27F00F7562F /* Build configuration list for PBXProject "iRHSCBook" */ = {
			isa = XCConfigurationList;
			buildConfigurations = (
				ACAC33B3195EF27F00F7562F /* Debug */,
				ACAC33B4195EF27F00F7562F /* Release */,
			);
			defaultConfigurationIsVisible = 0;
			defaultConfigurationName = Release;
		};
		ACAC33B5195EF27F00F7562F /* Build configuration list for PBXNativeTarget "iRHSCBook" */ = {
			isa = XCConfigurationList;
			buildConfigurations = (
				ACAC33B6195EF27F00F7562F /* Debug */,
				ACAC33B7195EF27F00F7562F /* Release */,
			);
			defaultConfigurationIsVisible = 0;
			defaultConfigurationName = Release;
		};
		ACAC33B8195EF27F00F7562F /* Build configuration list for PBXNativeTarget "iRHSCBookTests" */ = {
			isa = XCConfigurationList;
			buildConfigurations = (
				ACAC33B9195EF27F00F7562F /* Debug */,
				ACAC33BA195EF27F00F7562F /* Release */,
			);
			defaultConfigurationIsVisible = 0;
			defaultConfigurationName = Release;
		};
/* End XCConfigurationList section */
	};
	rootObject = ACAC3378195EF27F00F7562F /* Project object */;
}
